{
  "version": 4,
  "terraform_version": "1.3.5",
  "serial": 2848,
  "lineage": "e96ee949-248c-f7aa-02aa-4087bea3d8d2",
  "outputs": {},
  "resources": [
    {
      "mode": "data",
      "type": "aws_iam_policy_document",
      "name": "allow_access_for_elb_logging",
      "provider": "provider[\"registry.terraform.io/hashicorp/aws\"]",
      "instances": [
        {
          "schema_version": 0,
          "attributes": {
            "id": "4281938131",
            "json": "{\n  \"Version\": \"2012-10-17\",\n  \"Statement\": [\n    {\n      \"Sid\": \"\",\n      \"Effect\": \"Allow\",\n      \"Action\": \"s3:PutObject\",\n      \"Resource\": [\n        \"arn:aws:s3:::lrm-v2-elb-logs/lrm-v2-prod-elb/AWSLogs/185279236646/*\",\n        \"arn:aws:s3:::lrm-v2-elb-logs\"\n      ],\n      \"Principal\": {\n        \"AWS\": \"arn:aws:iam::127311923021:root\"\n      }\n    }\n  ]\n}",
            "override_json": null,
            "override_policy_documents": null,
            "policy_id": null,
            "source_json": null,
            "source_policy_documents": null,
            "statement": [
              {
                "actions": [
                  "s3:PutObject"
                ],
                "condition": [],
                "effect": "Allow",
                "not_actions": [],
                "not_principals": [],
                "not_resources": [],
                "principals": [
                  {
                    "identifiers": [
                      "arn:aws:iam::127311923021:root"
                    ],
                    "type": "AWS"
                  }
                ],
                "resources": [
                  "arn:aws:s3:::lrm-v2-elb-logs",
                  "arn:aws:s3:::lrm-v2-elb-logs/lrm-v2-prod-elb/AWSLogs/185279236646/*"
                ],
                "sid": ""
              }
            ],
            "version": "2012-10-17"
          },
          "sensitive_attributes": []
        }
      ]
    },
    {
      "mode": "data",
      "type": "aws_iam_policy_document",
      "name": "allow_access_for_elb_logging_dev",
      "provider": "provider[\"registry.terraform.io/hashicorp/aws\"]",
      "instances": [
        {
          "schema_version": 0,
          "attributes": {
            "id": "4055758028",
            "json": "{\n  \"Version\": \"2012-10-17\",\n  \"Statement\": [\n    {\n      \"Sid\": \"\",\n      \"Effect\": \"Allow\",\n      \"Action\": \"s3:PutObject\",\n      \"Resource\": [\n        \"arn:aws:s3:::lrm-v2-elb-logs-dev/lrm-v2-dev-elb/AWSLogs/185279236646/*\",\n        \"arn:aws:s3:::lrm-v2-elb-logs-dev\"\n      ],\n      \"Principal\": {\n        \"AWS\": \"arn:aws:iam::127311923021:root\"\n      }\n    }\n  ]\n}",
            "override_json": null,
            "override_policy_documents": null,
            "policy_id": null,
            "source_json": null,
            "source_policy_documents": null,
            "statement": [
              {
                "actions": [
                  "s3:PutObject"
                ],
                "condition": [],
                "effect": "Allow",
                "not_actions": [],
                "not_principals": [],
                "not_resources": [],
                "principals": [
                  {
                    "identifiers": [
                      "arn:aws:iam::127311923021:root"
                    ],
                    "type": "AWS"
                  }
                ],
                "resources": [
                  "arn:aws:s3:::lrm-v2-elb-logs-dev",
                  "arn:aws:s3:::lrm-v2-elb-logs-dev/lrm-v2-dev-elb/AWSLogs/185279236646/*"
                ],
                "sid": ""
              }
            ],
            "version": "2012-10-17"
          },
          "sensitive_attributes": []
        }
      ]
    },
    {
      "mode": "data",
      "type": "aws_iam_policy_document",
      "name": "lrm_engine_allow_access_for_elb_logging",
      "provider": "provider[\"registry.terraform.io/hashicorp/aws\"]",
      "instances": [
        {
          "schema_version": 0,
          "attributes": {
            "id": "3451105489",
            "json": "{\n  \"Version\": \"2012-10-17\",\n  \"Statement\": [\n    {\n      \"Sid\": \"\",\n      \"Effect\": \"Allow\",\n      \"Action\": \"s3:PutObject\",\n      \"Resource\": [\n        \"arn:aws:s3:::lrm-engine-elb-logs/lrm-engine-elb/AWSLogs/185279236646/*\",\n        \"arn:aws:s3:::lrm-engine-elb-logs\"\n      ],\n      \"Principal\": {\n        \"AWS\": \"arn:aws:iam::127311923021:root\"\n      }\n    }\n  ]\n}",
            "override_json": null,
            "override_policy_documents": null,
            "policy_id": null,
            "source_json": null,
            "source_policy_documents": null,
            "statement": [
              {
                "actions": [
                  "s3:PutObject"
                ],
                "condition": [],
                "effect": "Allow",
                "not_actions": [],
                "not_principals": [],
                "not_resources": [],
                "principals": [
                  {
                    "identifiers": [
                      "arn:aws:iam::127311923021:root"
                    ],
                    "type": "AWS"
                  }
                ],
                "resources": [
                  "arn:aws:s3:::lrm-engine-elb-logs",
                  "arn:aws:s3:::lrm-engine-elb-logs/lrm-engine-elb/AWSLogs/185279236646/*"
                ],
                "sid": ""
              }
            ],
            "version": "2012-10-17"
          },
          "sensitive_attributes": []
        }
      ]
    },
    {
      "mode": "data",
      "type": "aws_iam_policy_document",
      "name": "lrm_v2_batchdef_assume_role_policy",
      "provider": "provider[\"registry.terraform.io/hashicorp/aws\"]",
      "instances": [
        {
          "schema_version": 0,
          "attributes": {
            "id": "320642683",
            "json": "{\n  \"Version\": \"2012-10-17\",\n  \"Statement\": [\n    {\n      \"Sid\": \"\",\n      \"Effect\": \"Allow\",\n      \"Action\": \"sts:AssumeRole\",\n      \"Principal\": {\n        \"Service\": \"ecs-tasks.amazonaws.com\"\n      }\n    }\n  ]\n}",
            "override_json": null,
            "override_policy_documents": null,
            "policy_id": null,
            "source_json": null,
            "source_policy_documents": null,
            "statement": [
              {
                "actions": [
                  "sts:AssumeRole"
                ],
                "condition": [],
                "effect": "Allow",
                "not_actions": [],
                "not_principals": [],
                "not_resources": [],
                "principals": [
                  {
                    "identifiers": [
                      "ecs-tasks.amazonaws.com"
                    ],
                    "type": "Service"
                  }
                ],
                "resources": [],
                "sid": ""
              }
            ],
            "version": "2012-10-17"
          },
          "sensitive_attributes": []
        }
      ]
    },
    {
      "mode": "managed",
      "type": "aws_acm_certificate",
      "name": "lrm_engine_domain_cert",
      "provider": "provider[\"registry.terraform.io/hashicorp/aws\"]",
      "instances": [
        {
          "schema_version": 0,
          "attributes": {
            "arn": "arn:aws:acm:us-east-1:185279236646:certificate/d4936e98-609f-4f89-ab90-d095fedd9ae6",
            "certificate_authority_arn": "",
            "certificate_body": null,
            "certificate_chain": null,
            "domain_name": "engine.cheilbidx.io",
            "domain_validation_options": [
              {
                "domain_name": "engine.cheilbidx.io",
                "resource_record_name": "_e5274332d8c926737eaa3587233ee11a.engine.cheilbidx.io.",
                "resource_record_type": "CNAME",
                "resource_record_value": "_43a971d0f96b4948c5345139dbb558d3.xmjnffzjyj.acm-validations.aws."
              }
            ],
            "id": "arn:aws:acm:us-east-1:185279236646:certificate/d4936e98-609f-4f89-ab90-d095fedd9ae6",
            "not_after": "2023-12-31T23:59:59Z",
            "not_before": "2022-12-02T00:00:00Z",
            "options": [
              {
                "certificate_transparency_logging_preference": "ENABLED"
              }
            ],
            "private_key": null,
            "status": "ISSUED",
            "subject_alternative_names": [
              "engine.cheilbidx.io"
            ],
            "tags": {
              "Environment": "shared",
              "Proyect": "lrm"
            },
            "tags_all": {
              "Environment": "shared",
              "Proyect": "lrm"
            },
            "validation_emails": [],
            "validation_method": "DNS",
            "validation_option": []
          },
          "sensitive_attributes": [],
          "private": "bnVsbA=="
        }
      ]
    },
    {
      "mode": "managed",
      "type": "aws_acm_certificate",
      "name": "lrm_v2_dev_domain_cert",
      "provider": "provider[\"registry.terraform.io/hashicorp/aws\"]",
      "instances": [
        {
          "schema_version": 0,
          "attributes": {
            "arn": "arn:aws:acm:us-east-1:185279236646:certificate/a75cfd12-27f8-4ad5-8eb7-a85d4b3ad85b",
            "certificate_authority_arn": "",
            "certificate_body": null,
            "certificate_chain": null,
            "domain_name": "lrm-api-dev.cheilbidx.io",
            "domain_validation_options": [
              {
                "domain_name": "lrm-api-dev.cheilbidx.io",
                "resource_record_name": "_4079cb5af5ec06e62bda6438ba448a75.lrm-api-dev.cheilbidx.io.",
                "resource_record_type": "CNAME",
                "resource_record_value": "_aac87561c03ead12ec2a0cfb0ecbd3e6.mqzgcdqkwq.acm-validations.aws."
              }
            ],
            "id": "arn:aws:acm:us-east-1:185279236646:certificate/a75cfd12-27f8-4ad5-8eb7-a85d4b3ad85b",
            "not_after": "2023-10-12T23:59:59Z",
            "not_before": "2022-09-13T00:00:00Z",
            "options": [
              {
                "certificate_transparency_logging_preference": "ENABLED"
              }
            ],
            "private_key": null,
            "status": "ISSUED",
            "subject_alternative_names": [
              "lrm-api-dev.cheilbidx.io"
            ],
            "tags": {
              "Environment": "development",
              "Proyect": "lrm"
            },
            "tags_all": {
              "Environment": "development",
              "Proyect": "lrm"
            },
            "validation_emails": [],
            "validation_method": "DNS",
            "validation_option": []
          },
          "sensitive_attributes": [],
          "private": "bnVsbA=="
        }
      ]
    },
    {
      "mode": "managed",
      "type": "aws_acm_certificate",
      "name": "lrm_v2_prod_domain_cert",
      "provider": "provider[\"registry.terraform.io/hashicorp/aws\"]",
      "instances": [
        {
          "schema_version": 0,
          "attributes": {
            "arn": "arn:aws:acm:us-east-1:185279236646:certificate/464b0d7c-f57a-45af-8bfe-73cec23a3aca",
            "certificate_authority_arn": "",
            "certificate_body": null,
            "certificate_chain": null,
            "domain_name": "lrm-api-prod.cheilbidx.io",
            "domain_validation_options": [
              {
                "domain_name": "lrm-api-prod.cheilbidx.io",
                "resource_record_name": "_0d5017243cb9427088d665a39b6a7766.lrm-api-prod.cheilbidx.io.",
                "resource_record_type": "CNAME",
                "resource_record_value": "_f13676b0e75d458f7b11e2699a56b4ac.dhzvlrndnj.acm-validations.aws."
              }
            ],
            "id": "arn:aws:acm:us-east-1:185279236646:certificate/464b0d7c-f57a-45af-8bfe-73cec23a3aca",
            "not_after": "2023-10-08T23:59:59Z",
            "not_before": "2022-09-09T00:00:00Z",
            "options": [
              {
                "certificate_transparency_logging_preference": "ENABLED"
              }
            ],
            "private_key": null,
            "status": "ISSUED",
            "subject_alternative_names": [
              "lrm-api-prod.cheilbidx.io"
            ],
            "tags": {
              "Environment": "production",
              "Proyect": "lrm"
            },
            "tags_all": {
              "Environment": "production",
              "Proyect": "lrm"
            },
            "validation_emails": [],
            "validation_method": "DNS",
            "validation_option": []
          },
          "sensitive_attributes": [],
          "private": "bnVsbA=="
        }
      ]
    },
    {
      "mode": "managed",
      "type": "aws_acm_certificate_validation",
      "name": "lrm_engine_domain_cert_validation",
      "provider": "provider[\"registry.terraform.io/hashicorp/aws\"]",
      "instances": [
        {
          "schema_version": 0,
          "attributes": {
            "certificate_arn": "arn:aws:acm:us-east-1:185279236646:certificate/d4936e98-609f-4f89-ab90-d095fedd9ae6",
            "id": "2022-12-02 16:54:57.202 +0000 UTC",
            "timeouts": null,
            "validation_record_fqdns": [
              "_e5274332d8c926737eaa3587233ee11a.engine.cheilbidx.io"
            ]
          },
          "sensitive_attributes": [],
          "private": "eyJlMmJmYjczMC1lY2FhLTExZTYtOGY4OC0zNDM2M2JjN2M0YzAiOnsiY3JlYXRlIjo0NTAwMDAwMDAwMDAwfX0=",
          "dependencies": [
            "aws_acm_certificate.lrm_engine_domain_cert",
            "aws_route53_record.lrm_engine_domain_records",
            "aws_route53_zone.lrm_v2_dns_zone"
          ]
        }
      ]
    },
    {
      "mode": "managed",
      "type": "aws_acm_certificate_validation",
      "name": "lrm_v2_dev_domain_cert_validation",
      "provider": "provider[\"registry.terraform.io/hashicorp/aws\"]",
      "instances": [
        {
          "schema_version": 0,
          "attributes": {
            "certificate_arn": "arn:aws:acm:us-east-1:185279236646:certificate/a75cfd12-27f8-4ad5-8eb7-a85d4b3ad85b",
            "id": "2022-09-13 16:43:23.039 +0000 UTC",
            "timeouts": null,
            "validation_record_fqdns": [
              "_4079cb5af5ec06e62bda6438ba448a75.lrm-api-dev.cheilbidx.io"
            ]
          },
          "sensitive_attributes": [],
          "private": "eyJlMmJmYjczMC1lY2FhLTExZTYtOGY4OC0zNDM2M2JjN2M0YzAiOnsiY3JlYXRlIjo0NTAwMDAwMDAwMDAwfX0=",
          "dependencies": [
            "aws_acm_certificate.lrm_v2_dev_domain_cert",
            "aws_route53_record.lrm_v2_dev_domain_records",
            "aws_route53_zone.lrm_v2_dns_zone"
          ]
        }
      ]
    },
    {
      "mode": "managed",
      "type": "aws_acm_certificate_validation",
      "name": "lrm_v2_prod_domain_cert_validation",
      "provider": "provider[\"registry.terraform.io/hashicorp/aws\"]",
      "instances": [
        {
          "schema_version": 0,
          "attributes": {
            "certificate_arn": "arn:aws:acm:us-east-1:185279236646:certificate/464b0d7c-f57a-45af-8bfe-73cec23a3aca",
            "id": "2022-09-09 22:54:30.299 +0000 UTC",
            "timeouts": null,
            "validation_record_fqdns": [
              "_0d5017243cb9427088d665a39b6a7766.lrm-api-prod.cheilbidx.io"
            ]
          },
          "sensitive_attributes": [],
          "private": "eyJlMmJmYjczMC1lY2FhLTExZTYtOGY4OC0zNDM2M2JjN2M0YzAiOnsiY3JlYXRlIjo0NTAwMDAwMDAwMDAwfX0=",
          "dependencies": [
            "aws_acm_certificate.lrm_v2_prod_domain_cert",
            "aws_route53_record.lrm_v2_prod_domain_records",
            "aws_route53_zone.lrm_v2_dns_zone"
          ]
        }
      ]
    },
    {
      "mode": "managed",
      "type": "aws_batch_compute_environment",
      "name": "lrm_v2_batch_compute_env",
      "provider": "provider[\"registry.terraform.io/hashicorp/aws\"]",
      "instances": [
        {
          "schema_version": 0,
          "attributes": {
            "arn": "arn:aws:batch:us-east-1:185279236646:compute-environment/LRMV2ETLs",
            "compute_environment_name": "LRMV2ETLs",
            "compute_environment_name_prefix": "",
            "compute_resources": [
              {
                "allocation_strategy": "",
                "bid_percentage": 0,
                "desired_vcpus": 0,
                "ec2_configuration": [],
                "ec2_key_pair": "",
                "image_id": "",
                "instance_role": "",
                "instance_type": [],
                "launch_template": [],
                "max_vcpus": 100,
                "min_vcpus": 0,
                "security_group_ids": [
                  "sg-07231243eb7819304"
                ],
                "spot_iam_fleet_role": "",
                "subnets": [
                  "subnet-08ed3f524cc77cbe2",
                  "subnet-09f420a6a3797fe1f",
                  "subnet-0ad555f7510c27a5a"
                ],
                "tags": {},
                "type": "FARGATE"
              }
            ],
            "ecs_cluster_arn": "arn:aws:ecs:us-east-1:185279236646:cluster/LRMV2ETLs_Batch_1cad4a0d-48a0-3be3-9da0-39351b8cc19f",
            "id": "LRMV2ETLs",
            "service_role": "arn:aws:iam::185279236646:role/lrm_v2_batch_service_role",
            "state": "ENABLED",
            "status": "VALID",
            "status_reason": "ComputeEnvironment Healthy",
            "tags": {},
            "tags_all": {},
            "type": "MANAGED"
          },
          "sensitive_attributes": [],
          "private": "bnVsbA==",
          "dependencies": [
            "aws_iam_role.lrm_v2_batch_service_role",
            "aws_iam_role_policy_attachment.lrm_v2_batch_service_role",
            "aws_security_group.lrm_v2_batch_sg",
            "aws_vpc.lrm_v2"
          ]
        }
      ]
    },
    {
      "mode": "managed",
      "type": "aws_batch_job_definition",
      "name": "lrm_v2_batch_jobdef_c1",
      "provider": "provider[\"registry.terraform.io/hashicorp/aws\"]",
      "instances": [
        {
          "schema_version": 0,
          "attributes": {
            "arn": "arn:aws:batch:us-east-1:185279236646:job-definition/lrm_v2_batch_jobdef_c1:4",
            "container_properties": "{\"command\":[\"python\",\"main.py\",\"0\"],\"environment\":[{\"name\":\"API_PWD\",\"value\":\"EEmp10200!\"},{\"name\":\"SUBNETS\",\"value\":\"subnet-0cd7a07db70f05e51,subnet-032a53d911ecbb547,subnet-04b5a1ad1826ed925\"},{\"name\":\"LOT_SIZE\",\"value\":\"5\"},{\"name\":\"SECURITY_GROUPS\",\"value\":\"sg-0a4d46904bb672ea6\"},{\"name\":\"ECS_CLUSTER\",\"value\":\"lrm-v2-dev\"},{\"name\":\"ELB_ARN\",\"value\":\"arn:aws:elasticloadbalancing:us-east-1:185279236646:targetgroup/lrm-v2-dev-tg/55afb56cc839f3be\"},{\"name\":\"CREATE_NEW_CONTAINER\",\"value\":\"0\"},{\"name\":\"DB_HOSTNAME\",\"value\":\"lrm-v2-dev.cxkegqcerito.us-east-1.rds.amazonaws.com\"}],\"executionRoleArn\":\"arn:aws:iam::185279236646:role/lrm_v2_batch_exec_role\",\"fargatePlatformConfiguration\":{\"platformVersion\":\"LATEST\"},\"image\":\"185279236646.dkr.ecr.us-east-1.amazonaws.com/lrm-v2-c1\",\"mountPoints\":[],\"networkConfiguration\":{\"assignPublicIp\":\"ENABLED\"},\"resourceRequirements\":[{\"type\":\"VCPU\",\"value\":\"0.25\"},{\"type\":\"MEMORY\",\"value\":\"1024\"}],\"secrets\":[],\"ulimits\":[],\"volumes\":[]}",
            "id": "arn:aws:batch:us-east-1:185279236646:job-definition/lrm_v2_batch_jobdef_c1:4",
            "name": "lrm_v2_batch_jobdef_c1",
            "parameters": {},
            "platform_capabilities": [
              "FARGATE"
            ],
            "propagate_tags": true,
            "retry_strategy": [],
            "revision": 4,
            "tags": {
              "Environment": "shared",
              "Proyect": "lrm"
            },
            "tags_all": {
              "Environment": "shared",
              "Proyect": "lrm"
            },
            "timeout": [
              {
                "attempt_duration_seconds": 86000
              }
            ],
            "type": "container"
          },
          "sensitive_attributes": [],
          "private": "bnVsbA==",
          "dependencies": [
            "aws_cloudwatch_log_group.lrm_v2_dev_ecs_lg",
            "aws_db_instance.lrm_v2_dev_db",
            "aws_db_subnet_group.lrm_v2_dev_db_subnet_group",
            "aws_ecr_repository.lrm_v2_c1_container_registry",
            "aws_ecs_cluster.lrm_v2_dev_ecs_cluster",
            "aws_iam_role.lrm_v2_ecs_task_execution_role",
            "aws_lb_target_group.lrm_v2_dev_tg",
            "aws_security_group.lrm_v2_dev_sg",
            "aws_subnet.dev_a",
            "aws_subnet.dev_b",
            "aws_subnet.dev_c",
            "aws_vpc.lrm_v2",
            "data.aws_iam_policy_document.lrm_v2_batchdef_assume_role_policy"
          ]
        }
      ]
    },
    {
      "mode": "managed",
      "type": "aws_batch_job_definition",
      "name": "lrm_v2_batch_jobdef_datamigration",
      "provider": "provider[\"registry.terraform.io/hashicorp/aws\"]",
      "instances": [
        {
          "schema_version": 0,
          "attributes": {
            "arn": "arn:aws:batch:us-east-1:185279236646:job-definition/lrm_v2_batch_jobdef_dm:4",
            "container_properties": "{\"command\":[\"python\",\"migrate.py\",\"redis\"],\"environment\":[{\"name\":\"MISSING_DATA\",\"value\":\"False\"},{\"name\":\"REDIS_TARGET\",\"value\":\"lrm-v2.3c5nye.0001.use1.cache.amazonaws.com\"},{\"name\":\"THREAD_SIZE\",\"value\":\"10000\"},{\"name\":\"REDIS_SOURCE\",\"value\":\"lrm-v2-dev.3c5nye.0001.use1.cache.amazonaws.com\"}],\"executionRoleArn\":\"arn:aws:iam::185279236646:role/lrm_v2_batch_exec_role\",\"fargatePlatformConfiguration\":{\"platformVersion\":\"LATEST\"},\"image\":\"185279236646.dkr.ecr.us-east-1.amazonaws.com/lrm-v2-dm\",\"mountPoints\":[],\"networkConfiguration\":{\"assignPublicIp\":\"ENABLED\"},\"resourceRequirements\":[{\"type\":\"VCPU\",\"value\":\"4\"},{\"type\":\"MEMORY\",\"value\":\"16384\"}],\"secrets\":[],\"ulimits\":[],\"volumes\":[]}",
            "id": "arn:aws:batch:us-east-1:185279236646:job-definition/lrm_v2_batch_jobdef_dm:4",
            "name": "lrm_v2_batch_jobdef_dm",
            "parameters": {},
            "platform_capabilities": [
              "FARGATE"
            ],
            "propagate_tags": true,
            "retry_strategy": [],
            "revision": 4,
            "tags": {
              "Environment": "shared",
              "Proyect": "lrm"
            },
            "tags_all": {
              "Environment": "shared",
              "Proyect": "lrm"
            },
            "timeout": [
              {
                "attempt_duration_seconds": 86000
              }
            ],
            "type": "container"
          },
          "sensitive_attributes": [],
          "private": "bnVsbA==",
          "dependencies": [
            "aws_ecr_repository.lrm_v2_datamigrations_container_registry",
            "aws_elasticache_cluster.lrm_v2_redis",
            "aws_elasticache_cluster.lrm_v2_redis_dev",
            "aws_elasticache_subnet_group.lrm_v2_dev_subnet_group",
            "aws_elasticache_subnet_group.lrm_v2_prod_subnet_group",
            "aws_iam_role.lrm_v2_ecs_task_execution_role",
            "aws_security_group.lrm_v2_dev_sg",
            "aws_security_group.lrm_v2_prod_sg",
            "aws_subnet.dev_a",
            "aws_subnet.dev_b",
            "aws_subnet.dev_c",
            "aws_subnet.prod_a",
            "aws_subnet.prod_b",
            "aws_subnet.prod_c",
            "aws_vpc.lrm_v2",
            "data.aws_iam_policy_document.lrm_v2_batchdef_assume_role_policy"
          ]
        }
      ]
    },
    {
      "mode": "managed",
      "type": "aws_batch_job_definition",
      "name": "lrm_v2_batch_jobdef_f1",
      "provider": "provider[\"registry.terraform.io/hashicorp/aws\"]",
      "instances": [
        {
          "schema_version": 0,
          "attributes": {
            "arn": "arn:aws:batch:us-east-1:185279236646:job-definition/lrm_v2_batch_jobdef_f1:5",
            "container_properties": "{\"command\":[\"python\",\"main.py\",\"Ref::file\",\"Ref::id\"],\"environment\":[{\"name\":\"BUCKET\",\"value\":\"etlgscmsales\"},{\"name\":\"SECRET_KEY\",\"value\":\"i9G7g92xQ7sBQq+ryYaYfgUl/iB8ZCW9W7Yk6Vgj\"},{\"name\":\"ACCESS_KEY\",\"value\":\"AKIASWI4AZITDQ7SCW2G\"}],\"executionRoleArn\":\"arn:aws:iam::185279236646:role/lrm_v2_batch_exec_role\",\"fargatePlatformConfiguration\":{\"platformVersion\":\"LATEST\"},\"image\":\"185279236646.dkr.ecr.us-east-1.amazonaws.com/lrm-v2-f1\",\"mountPoints\":[],\"networkConfiguration\":{\"assignPublicIp\":\"ENABLED\"},\"resourceRequirements\":[{\"type\":\"VCPU\",\"value\":\"2\"},{\"type\":\"MEMORY\",\"value\":\"8192\"}],\"secrets\":[],\"ulimits\":[],\"volumes\":[]}",
            "id": "arn:aws:batch:us-east-1:185279236646:job-definition/lrm_v2_batch_jobdef_f1:5",
            "name": "lrm_v2_batch_jobdef_f1",
            "parameters": {},
            "platform_capabilities": [
              "FARGATE"
            ],
            "propagate_tags": true,
            "retry_strategy": [],
            "revision": 5,
            "tags": {
              "Environment": "shared",
              "Proyect": "lrm"
            },
            "tags_all": {
              "Environment": "shared",
              "Proyect": "lrm"
            },
            "timeout": [
              {
                "attempt_duration_seconds": 15000
              }
            ],
            "type": "container"
          },
          "sensitive_attributes": [],
          "private": "bnVsbA==",
          "dependencies": [
            "aws_ecr_repository.lrm_v2_f1_container_registry",
            "aws_iam_role.lrm_v2_ecs_task_execution_role",
            "data.aws_iam_policy_document.lrm_v2_batchdef_assume_role_policy"
          ]
        }
      ]
    },
    {
      "mode": "managed",
      "type": "aws_batch_job_definition",
      "name": "lrm_v2_batch_jobdef_f2",
      "provider": "provider[\"registry.terraform.io/hashicorp/aws\"]",
      "instances": [
        {
          "schema_version": 0,
          "attributes": {
            "arn": "arn:aws:batch:us-east-1:185279236646:job-definition/lrm_v2_batch_jobdef_f2:4",
            "container_properties": "{\"command\":[\"python\",\"main.py\",\"Ref::file\",\"Ref::id\"],\"environment\":[{\"name\":\"DB_USER\",\"value\":\"admin\"},{\"name\":\"SECRET_KEY\",\"value\":\"i9G7g92xQ7sBQq+ryYaYfgUl/iB8ZCW9W7Yk6Vgj\"},{\"name\":\"DB_PWD\",\"value\":\"977bf9abf3c3e3fd6b8fd79775c66a33\"},{\"name\":\"DB_SCHEMA\",\"value\":\"lrm_dev\"},{\"name\":\"DB_HOSTNAME\",\"value\":\"lrm-v2-dev.cxkegqcerito.us-east-1.rds.amazonaws.com\"},{\"name\":\"ACCESS_KEY\",\"value\":\"AKIASWI4AZITDQ7SCW2G\"}],\"executionRoleArn\":\"arn:aws:iam::185279236646:role/lrm_v2_batch_exec_role\",\"fargatePlatformConfiguration\":{\"platformVersion\":\"LATEST\"},\"image\":\"185279236646.dkr.ecr.us-east-1.amazonaws.com/lrm-v2-f2\",\"mountPoints\":[],\"networkConfiguration\":{\"assignPublicIp\":\"ENABLED\"},\"resourceRequirements\":[{\"type\":\"VCPU\",\"value\":\"0.5\"},{\"type\":\"MEMORY\",\"value\":\"1024\"}],\"secrets\":[],\"ulimits\":[],\"volumes\":[]}",
            "id": "arn:aws:batch:us-east-1:185279236646:job-definition/lrm_v2_batch_jobdef_f2:4",
            "name": "lrm_v2_batch_jobdef_f2",
            "parameters": {},
            "platform_capabilities": [
              "FARGATE"
            ],
            "propagate_tags": true,
            "retry_strategy": [],
            "revision": 4,
            "tags": {
              "Environment": "shared",
              "Proyect": "lrm"
            },
            "tags_all": {
              "Environment": "shared",
              "Proyect": "lrm"
            },
            "timeout": [
              {
                "attempt_duration_seconds": 15000
              }
            ],
            "type": "container"
          },
          "sensitive_attributes": [
            [
              {
                "type": "get_attr",
                "value": "container_properties"
              }
            ]
          ],
          "private": "bnVsbA==",
          "dependencies": [
            "aws_db_instance.lrm_v2_dev_db",
            "aws_db_subnet_group.lrm_v2_dev_db_subnet_group",
            "aws_ecr_repository.lrm_v2_f2_container_registry",
            "aws_iam_role.lrm_v2_ecs_task_execution_role",
            "aws_security_group.lrm_v2_dev_sg",
            "aws_subnet.dev_a",
            "aws_subnet.dev_b",
            "aws_subnet.dev_c",
            "aws_vpc.lrm_v2",
            "data.aws_iam_policy_document.lrm_v2_batchdef_assume_role_policy"
          ]
        }
      ]
    },
    {
      "mode": "managed",
      "type": "aws_batch_job_queue",
      "name": "lrm_v2_cache_l1_queue",
      "provider": "provider[\"registry.terraform.io/hashicorp/aws\"]",
      "instances": [
        {
          "schema_version": 0,
          "attributes": {
            "arn": "arn:aws:batch:us-east-1:185279236646:job-queue/lrm_v2_cache_l1_queue",
            "compute_environments": [
              "arn:aws:batch:us-east-1:185279236646:compute-environment/LRMV2ETLs"
            ],
            "id": "arn:aws:batch:us-east-1:185279236646:job-queue/lrm_v2_cache_l1_queue",
            "name": "lrm_v2_cache_l1_queue",
            "priority": 1,
            "scheduling_policy_arn": "",
            "state": "ENABLED",
            "tags": {},
            "tags_all": {}
          },
          "sensitive_attributes": [],
          "private": "eyJzY2hlbWFfdmVyc2lvbiI6IjAifQ==",
          "dependencies": [
            "aws_batch_compute_environment.lrm_v2_batch_compute_env",
            "aws_iam_role.lrm_v2_batch_service_role",
            "aws_iam_role_policy_attachment.lrm_v2_batch_service_role",
            "aws_security_group.lrm_v2_batch_sg",
            "aws_vpc.lrm_v2"
          ]
        }
      ]
    },
    {
      "mode": "managed",
      "type": "aws_batch_job_queue",
      "name": "lrm_v2_data_migration_queue",
      "provider": "provider[\"registry.terraform.io/hashicorp/aws\"]",
      "instances": [
        {
          "schema_version": 0,
          "attributes": {
            "arn": "arn:aws:batch:us-east-1:185279236646:job-queue/lrm_v2_dm_queue",
            "compute_environments": [
              "arn:aws:batch:us-east-1:185279236646:compute-environment/LRMV2ETLs"
            ],
            "id": "arn:aws:batch:us-east-1:185279236646:job-queue/lrm_v2_dm_queue",
            "name": "lrm_v2_dm_queue",
            "priority": 1,
            "scheduling_policy_arn": "",
            "state": "ENABLED",
            "tags": {},
            "tags_all": {}
          },
          "sensitive_attributes": [],
          "private": "bnVsbA==",
          "dependencies": [
            "aws_batch_compute_environment.lrm_v2_batch_compute_env",
            "aws_iam_role.lrm_v2_batch_service_role",
            "aws_iam_role_policy_attachment.lrm_v2_batch_service_role",
            "aws_security_group.lrm_v2_batch_sg",
            "aws_vpc.lrm_v2"
          ]
        }
      ]
    },
    {
      "mode": "managed",
      "type": "aws_batch_job_queue",
      "name": "lrm_v2_sales_f1_queue",
      "provider": "provider[\"registry.terraform.io/hashicorp/aws\"]",
      "instances": [
        {
          "schema_version": 0,
          "attributes": {
            "arn": "arn:aws:batch:us-east-1:185279236646:job-queue/lrm_v2_sales_f1_queue",
            "compute_environments": [
              "arn:aws:batch:us-east-1:185279236646:compute-environment/LRMV2ETLs"
            ],
            "id": "arn:aws:batch:us-east-1:185279236646:job-queue/lrm_v2_sales_f1_queue",
            "name": "lrm_v2_sales_f1_queue",
            "priority": 1,
            "scheduling_policy_arn": "",
            "state": "ENABLED",
            "tags": {},
            "tags_all": {}
          },
          "sensitive_attributes": [],
          "private": "eyJzY2hlbWFfdmVyc2lvbiI6IjAifQ==",
          "dependencies": [
            "aws_batch_compute_environment.lrm_v2_batch_compute_env",
            "aws_iam_role.lrm_v2_batch_service_role",
            "aws_iam_role_policy_attachment.lrm_v2_batch_service_role",
            "aws_security_group.lrm_v2_batch_sg",
            "aws_vpc.lrm_v2"
          ]
        }
      ]
    },
    {
      "mode": "managed",
      "type": "aws_batch_job_queue",
      "name": "lrm_v2_sales_f2_queue",
      "provider": "provider[\"registry.terraform.io/hashicorp/aws\"]",
      "instances": [
        {
          "schema_version": 0,
          "attributes": {
            "arn": "arn:aws:batch:us-east-1:185279236646:job-queue/lrm_v2_sales_f2_queue",
            "compute_environments": [
              "arn:aws:batch:us-east-1:185279236646:compute-environment/LRMV2ETLs"
            ],
            "id": "arn:aws:batch:us-east-1:185279236646:job-queue/lrm_v2_sales_f2_queue",
            "name": "lrm_v2_sales_f2_queue",
            "priority": 1,
            "scheduling_policy_arn": "",
            "state": "ENABLED",
            "tags": {},
            "tags_all": {}
          },
          "sensitive_attributes": [],
          "private": "bnVsbA==",
          "dependencies": [
            "aws_batch_compute_environment.lrm_v2_batch_compute_env",
            "aws_iam_role.lrm_v2_batch_service_role",
            "aws_iam_role_policy_attachment.lrm_v2_batch_service_role",
            "aws_security_group.lrm_v2_batch_sg",
            "aws_vpc.lrm_v2"
          ]
        }
      ]
    },
    {
      "mode": "managed",
      "type": "aws_cloudwatch_log_group",
      "name": "lrm_engine_ecs_lg",
      "provider": "provider[\"registry.terraform.io/hashicorp/aws\"]",
      "instances": [
        {
          "schema_version": 0,
          "attributes": {
            "arn": "arn:aws:logs:us-east-1:185279236646:log-group:lrm_engine_ecs_lg",
            "id": "lrm_engine_ecs_lg",
            "kms_key_id": "",
            "name": "lrm_engine_ecs_lg",
            "name_prefix": null,
            "retention_in_days": 3,
            "tags": {
              "Environment": "shared",
              "Proyect": "lrm"
            },
            "tags_all": {
              "Environment": "shared",
              "Proyect": "lrm"
            }
          },
          "sensitive_attributes": [],
          "private": "bnVsbA=="
        }
      ]
    },
    {
      "mode": "managed",
      "type": "aws_cloudwatch_log_group",
      "name": "lrm_v2_dev_ecs_lg",
      "provider": "provider[\"registry.terraform.io/hashicorp/aws\"]",
      "instances": [
        {
          "schema_version": 0,
          "attributes": {
            "arn": "arn:aws:logs:us-east-1:185279236646:log-group:lrm_v2_dev_ecs_lg",
            "id": "lrm_v2_dev_ecs_lg",
            "kms_key_id": "",
            "name": "lrm_v2_dev_ecs_lg",
            "name_prefix": null,
            "retention_in_days": 3,
            "tags": {
              "Environment": "development",
              "Proyect": "lrm"
            },
            "tags_all": {
              "Environment": "development",
              "Proyect": "lrm"
            }
          },
          "sensitive_attributes": [],
          "private": "bnVsbA=="
        }
      ]
    },
    {
      "mode": "managed",
      "type": "aws_cloudwatch_log_group",
      "name": "lrm_v2_prod_ecs_lg",
      "provider": "provider[\"registry.terraform.io/hashicorp/aws\"]",
      "instances": [
        {
          "schema_version": 0,
          "attributes": {
            "arn": "arn:aws:logs:us-east-1:185279236646:log-group:lrm_v2_prod_ecs_lg",
            "id": "lrm_v2_prod_ecs_lg",
            "kms_key_id": "",
            "name": "lrm_v2_prod_ecs_lg",
            "name_prefix": null,
            "retention_in_days": 3,
            "tags": {
              "Environment": "production",
              "Proyect": "lrm"
            },
            "tags_all": {
              "Environment": "production",
              "Proyect": "lrm"
            }
          },
          "sensitive_attributes": [],
          "private": "bnVsbA=="
        }
      ]
    },
    {
      "mode": "managed",
      "type": "aws_db_instance",
      "name": "lrm_v2_dev_db",
      "provider": "provider[\"registry.terraform.io/hashicorp/aws\"]",
      "instances": [
        {
          "schema_version": 1,
          "attributes": {
            "address": "lrm-v2-dev.cxkegqcerito.us-east-1.rds.amazonaws.com",
            "allocated_storage": 50,
            "allow_major_version_upgrade": null,
            "apply_immediately": null,
            "arn": "arn:aws:rds:us-east-1:185279236646:db:lrm-v2-dev",
            "auto_minor_version_upgrade": true,
            "availability_zone": "us-east-1b",
            "backup_retention_period": 0,
            "backup_window": "03:00-05:00",
            "ca_cert_identifier": "rds-ca-2019",
            "character_set_name": "",
            "copy_tags_to_snapshot": true,
            "customer_owned_ip_enabled": false,
            "db_name": "lrm_dev",
            "db_subnet_group_name": "lrm-v2-dev-subnet-group",
            "delete_automated_backups": true,
            "deletion_protection": false,
            "domain": "",
            "domain_iam_role_name": "",
            "enabled_cloudwatch_logs_exports": [],
            "endpoint": "lrm-v2-dev.cxkegqcerito.us-east-1.rds.amazonaws.com:3306",
            "engine": "mysql",
            "engine_version": "8.0.28",
            "engine_version_actual": "8.0.28",
            "final_snapshot_identifier": "final-snapshot-lrmv2-dev",
            "hosted_zone_id": "Z2R2ITUGPM61AM",
            "iam_database_authentication_enabled": false,
            "id": "lrm-v2-dev",
            "identifier": "lrm-v2-dev",
            "identifier_prefix": "",
            "instance_class": "db.t3.medium",
            "iops": 0,
            "kms_key_id": "",
            "latest_restorable_time": "",
            "license_model": "general-public-license",
            "maintenance_window": "sun:00:00-sun:03:00",
            "max_allocated_storage": 0,
            "monitoring_interval": 0,
            "monitoring_role_arn": "",
            "multi_az": false,
            "name": "lrm_dev",
            "nchar_character_set_name": "",
            "network_type": "IPV4",
            "option_group_name": "default:mysql-8-0",
            "parameter_group_name": "default.mysql8.0",
            "password": "977bf9abf3c3e3fd6b8fd79775c66a33",
            "performance_insights_enabled": false,
            "performance_insights_kms_key_id": "",
            "performance_insights_retention_period": 0,
            "port": 3306,
            "publicly_accessible": false,
            "replica_mode": "",
            "replicas": [],
            "replicate_source_db": "",
            "resource_id": "db-DP2WGAZ3VWYVMVBIYUVIH56IZY",
            "restore_to_point_in_time": [],
            "s3_import": [],
            "security_group_names": [],
            "skip_final_snapshot": false,
            "snapshot_identifier": null,
            "status": "available",
            "storage_encrypted": false,
            "storage_type": "gp2",
            "tags": {
              "Environment": "development",
              "Proyect": "lrm"
            },
            "tags_all": {
              "Environment": "development",
              "Proyect": "lrm"
            },
            "timeouts": null,
            "timezone": "",
            "username": "admin",
            "vpc_security_group_ids": [
              "sg-0a4d46904bb672ea6"
            ]
          },
          "sensitive_attributes": [],
          "private": "eyJlMmJmYjczMC1lY2FhLTExZTYtOGY4OC0zNDM2M2JjN2M0YzAiOnsiY3JlYXRlIjoyNDAwMDAwMDAwMDAwLCJkZWxldGUiOjM2MDAwMDAwMDAwMDAsInVwZGF0ZSI6NDgwMDAwMDAwMDAwMH0sInNjaGVtYV92ZXJzaW9uIjoiMSJ9",
          "dependencies": [
            "aws_db_subnet_group.lrm_v2_dev_db_subnet_group",
            "aws_security_group.lrm_v2_dev_sg"
          ]
        }
      ]
    },
    {
      "mode": "managed",
      "type": "aws_db_instance",
      "name": "lrm_v2_prod_db",
      "provider": "provider[\"registry.terraform.io/hashicorp/aws\"]",
      "instances": [
        {
          "schema_version": 1,
          "attributes": {
            "address": "lrm-v2-prod.cxkegqcerito.us-east-1.rds.amazonaws.com",
            "allocated_storage": 50,
            "allow_major_version_upgrade": null,
            "apply_immediately": null,
            "arn": "arn:aws:rds:us-east-1:185279236646:db:lrm-v2-prod",
            "auto_minor_version_upgrade": true,
            "availability_zone": "us-east-1c",
            "backup_retention_period": 0,
            "backup_window": "03:00-05:00",
            "ca_cert_identifier": "rds-ca-2019",
            "character_set_name": "",
            "copy_tags_to_snapshot": true,
            "customer_owned_ip_enabled": false,
            "db_name": "prod",
            "db_subnet_group_name": "lrm-v2-prod-subnet-group",
            "delete_automated_backups": true,
            "deletion_protection": false,
            "domain": "",
            "domain_iam_role_name": "",
            "enabled_cloudwatch_logs_exports": [],
            "endpoint": "lrm-v2-prod.cxkegqcerito.us-east-1.rds.amazonaws.com:3306",
            "engine": "mysql",
            "engine_version": "8.0.28",
            "engine_version_actual": "8.0.28",
            "final_snapshot_identifier": "final-snapshot-lrmv2-prod",
            "hosted_zone_id": "Z2R2ITUGPM61AM",
            "iam_database_authentication_enabled": false,
            "id": "lrm-v2-prod",
            "identifier": "lrm-v2-prod",
            "identifier_prefix": "",
            "instance_class": "db.t3.medium",
            "iops": 0,
            "kms_key_id": "",
            "latest_restorable_time": "",
            "license_model": "general-public-license",
            "maintenance_window": "sun:00:00-sun:03:00",
            "max_allocated_storage": 0,
            "monitoring_interval": 0,
            "monitoring_role_arn": "",
            "multi_az": false,
            "name": "prod",
            "nchar_character_set_name": "",
            "network_type": "IPV4",
            "option_group_name": "default:mysql-8-0",
            "parameter_group_name": "default.mysql8.0",
            "password": "977bf9abf3c3e3fd6b8fd79775c66a33",
            "performance_insights_enabled": false,
            "performance_insights_kms_key_id": "",
            "performance_insights_retention_period": 0,
            "port": 3306,
            "publicly_accessible": false,
            "replica_mode": "",
            "replicas": [],
            "replicate_source_db": "",
            "resource_id": "db-7MX47HZ4YBCG2NDPLPQX27WCUM",
            "restore_to_point_in_time": [],
            "s3_import": [],
            "security_group_names": [],
            "skip_final_snapshot": false,
            "snapshot_identifier": null,
            "status": "available",
            "storage_encrypted": false,
            "storage_type": "gp2",
            "tags": {
              "Environment": "production",
              "Proyect": "lrm"
            },
            "tags_all": {
              "Environment": "production",
              "Proyect": "lrm"
            },
            "timeouts": null,
            "timezone": "",
            "username": "admin",
            "vpc_security_group_ids": [
              "sg-0d83dda437b8a10b7"
            ]
          },
          "sensitive_attributes": [],
          "private": "eyJlMmJmYjczMC1lY2FhLTExZTYtOGY4OC0zNDM2M2JjN2M0YzAiOnsiY3JlYXRlIjoyNDAwMDAwMDAwMDAwLCJkZWxldGUiOjM2MDAwMDAwMDAwMDAsInVwZGF0ZSI6NDgwMDAwMDAwMDAwMH0sInNjaGVtYV92ZXJzaW9uIjoiMSJ9",
          "dependencies": [
            "aws_db_subnet_group.lrm_v2_prod_db_subnet_group",
            "aws_security_group.lrm_v2_prod_sg"
          ]
        }
      ]
    },
    {
      "mode": "managed",
      "type": "aws_db_subnet_group",
      "name": "lrm_v2_dev_db_subnet_group",
      "provider": "provider[\"registry.terraform.io/hashicorp/aws\"]",
      "instances": [
        {
          "schema_version": 0,
          "attributes": {
            "arn": "arn:aws:rds:us-east-1:185279236646:subgrp:lrm-v2-dev-subnet-group",
            "description": "Managed by Terraform",
            "id": "lrm-v2-dev-subnet-group",
            "name": "lrm-v2-dev-subnet-group",
            "name_prefix": "",
            "subnet_ids": [
              "subnet-032a53d911ecbb547",
              "subnet-04b5a1ad1826ed925",
              "subnet-0cd7a07db70f05e51"
            ],
            "supported_network_types": [
              "IPV4"
            ],
            "tags": {},
            "tags_all": {}
          },
          "sensitive_attributes": [],
          "private": "bnVsbA==",
          "dependencies": [
            "aws_subnet.dev_a",
            "aws_subnet.dev_b",
            "aws_subnet.dev_c",
            "aws_vpc.lrm_v2"
          ]
        }
      ]
    },
    {
      "mode": "managed",
      "type": "aws_db_subnet_group",
      "name": "lrm_v2_prod_db_subnet_group",
      "provider": "provider[\"registry.terraform.io/hashicorp/aws\"]",
      "instances": [
        {
          "schema_version": 0,
          "attributes": {
            "arn": "arn:aws:rds:us-east-1:185279236646:subgrp:lrm-v2-prod-subnet-group",
            "description": "Managed by Terraform",
            "id": "lrm-v2-prod-subnet-group",
            "name": "lrm-v2-prod-subnet-group",
            "name_prefix": "",
            "subnet_ids": [
              "subnet-08ed3f524cc77cbe2",
              "subnet-09f420a6a3797fe1f",
              "subnet-0ad555f7510c27a5a"
            ],
            "supported_network_types": [
              "IPV4"
            ],
            "tags": {},
            "tags_all": {}
          },
          "sensitive_attributes": [],
          "private": "eyJzY2hlbWFfdmVyc2lvbiI6IjAifQ==",
          "dependencies": [
            "aws_subnet.prod_a",
            "aws_subnet.prod_b",
            "aws_subnet.prod_c",
            "aws_vpc.lrm_v2"
          ]
        }
      ]
    },
    {
      "mode": "managed",
      "type": "aws_dynamodb_table",
      "name": "lrm-cache-l1",
      "provider": "provider[\"registry.terraform.io/hashicorp/aws\"]",
      "instances": [
        {
          "schema_version": 1,
          "attributes": {
            "arn": "arn:aws:dynamodb:us-east-1:185279236646:table/cache-layer-1",
            "attribute": [
              {
                "name": "PK",
                "type": "S"
              },
              {
                "name": "SK",
                "type": "S"
              }
            ],
            "billing_mode": "PROVISIONED",
            "global_secondary_index": [],
            "hash_key": "PK",
            "id": "cache-layer-1",
            "local_secondary_index": [],
            "name": "cache-layer-1",
            "point_in_time_recovery": [
              {
                "enabled": false
              }
            ],
            "range_key": "SK",
            "read_capacity": 1,
            "replica": [],
            "restore_date_time": null,
            "restore_source_name": null,
            "restore_to_latest_time": null,
            "server_side_encryption": [],
            "stream_arn": "",
            "stream_enabled": false,
            "stream_label": "",
            "stream_view_type": "",
            "table_class": "",
            "tags": {
              "Environment": "shared",
              "Proyect": "lrm"
            },
            "tags_all": {
              "Environment": "shared",
              "Proyect": "lrm"
            },
            "timeouts": {
              "create": null,
              "delete": null,
              "update": null
            },
            "ttl": [
              {
                "attribute_name": "",
                "enabled": false
              }
            ],
            "write_capacity": 1
          },
          "sensitive_attributes": [],
          "private": "eyJlMmJmYjczMC1lY2FhLTExZTYtOGY4OC0zNDM2M2JjN2M0YzAiOnsiY3JlYXRlIjoxODAwMDAwMDAwMDAwLCJkZWxldGUiOjYwMDAwMDAwMDAwMCwidXBkYXRlIjozNjAwMDAwMDAwMDAwfSwic2NoZW1hX3ZlcnNpb24iOiIxIn0="
        }
      ]
    },
    {
      "mode": "managed",
      "type": "aws_dynamodb_table",
      "name": "lrm-global-params",
      "provider": "provider[\"registry.terraform.io/hashicorp/aws\"]",
      "instances": [
        {
          "schema_version": 1,
          "attributes": {
            "arn": "arn:aws:dynamodb:us-east-1:185279236646:table/lrm-global-params",
            "attribute": [
              {
                "name": "PK",
                "type": "S"
              },
              {
                "name": "SK",
                "type": "S"
              }
            ],
            "billing_mode": "PROVISIONED",
            "global_secondary_index": [],
            "hash_key": "PK",
            "id": "lrm-global-params",
            "local_secondary_index": [],
            "name": "lrm-global-params",
            "point_in_time_recovery": [
              {
                "enabled": false
              }
            ],
            "range_key": "SK",
            "read_capacity": 1,
            "replica": [],
            "restore_date_time": null,
            "restore_source_name": null,
            "restore_to_latest_time": null,
            "server_side_encryption": [],
            "stream_arn": "",
            "stream_enabled": false,
            "stream_label": "",
            "stream_view_type": "",
            "table_class": "STANDARD",
            "tags": {
              "Environment": "shared",
              "Proyect": "lrm"
            },
            "tags_all": {
              "Environment": "shared",
              "Proyect": "lrm"
            },
            "timeouts": {
              "create": null,
              "delete": null,
              "update": null
            },
            "ttl": [
              {
                "attribute_name": "",
                "enabled": false
              }
            ],
            "write_capacity": 1
          },
          "sensitive_attributes": [],
          "private": "eyJlMmJmYjczMC1lY2FhLTExZTYtOGY4OC0zNDM2M2JjN2M0YzAiOnsiY3JlYXRlIjoxODAwMDAwMDAwMDAwLCJkZWxldGUiOjYwMDAwMDAwMDAwMCwidXBkYXRlIjozNjAwMDAwMDAwMDAwfSwic2NoZW1hX3ZlcnNpb24iOiIxIn0="
        }
      ]
    },
    {
      "mode": "managed",
      "type": "aws_ecr_repository",
      "name": "lrm_engine_container_registry",
      "provider": "provider[\"registry.terraform.io/hashicorp/aws\"]",
      "instances": [
        {
          "schema_version": 0,
          "attributes": {
            "arn": "arn:aws:ecr:us-east-1:185279236646:repository/lrm-engine-api",
            "encryption_configuration": [
              {
                "encryption_type": "AES256",
                "kms_key": ""
              }
            ],
            "force_delete": null,
            "id": "lrm-engine-api",
            "image_scanning_configuration": [
              {
                "scan_on_push": true
              }
            ],
            "image_tag_mutability": "MUTABLE",
            "name": "lrm-engine-api",
            "registry_id": "185279236646",
            "repository_url": "185279236646.dkr.ecr.us-east-1.amazonaws.com/lrm-engine-api",
            "tags": {
              "Environment": "shared",
              "Proyect": "lrm"
            },
            "tags_all": {
              "Environment": "shared",
              "Proyect": "lrm"
            },
            "timeouts": null
          },
          "sensitive_attributes": [],
          "private": "eyJlMmJmYjczMC1lY2FhLTExZTYtOGY4OC0zNDM2M2JjN2M0YzAiOnsiZGVsZXRlIjoxMjAwMDAwMDAwMDAwfX0="
        }
      ]
    },
    {
      "mode": "managed",
      "type": "aws_ecr_repository",
      "name": "lrm_v2_c1_container_registry",
      "provider": "provider[\"registry.terraform.io/hashicorp/aws\"]",
      "instances": [
        {
          "schema_version": 0,
          "attributes": {
            "arn": "arn:aws:ecr:us-east-1:185279236646:repository/lrm-v2-c1",
            "encryption_configuration": [
              {
                "encryption_type": "AES256",
                "kms_key": ""
              }
            ],
            "force_delete": null,
            "id": "lrm-v2-c1",
            "image_scanning_configuration": [
              {
                "scan_on_push": true
              }
            ],
            "image_tag_mutability": "MUTABLE",
            "name": "lrm-v2-c1",
            "registry_id": "185279236646",
            "repository_url": "185279236646.dkr.ecr.us-east-1.amazonaws.com/lrm-v2-c1",
            "tags": {
              "Environment": "shared",
              "Proyect": "lrm"
            },
            "tags_all": {
              "Environment": "shared",
              "Proyect": "lrm"
            },
            "timeouts": null
          },
          "sensitive_attributes": [],
          "private": "eyJlMmJmYjczMC1lY2FhLTExZTYtOGY4OC0zNDM2M2JjN2M0YzAiOnsiZGVsZXRlIjoxMjAwMDAwMDAwMDAwfX0="
        }
      ]
    },
    {
      "mode": "managed",
      "type": "aws_ecr_repository",
      "name": "lrm_v2_datamigrations_container_registry",
      "provider": "provider[\"registry.terraform.io/hashicorp/aws\"]",
      "instances": [
        {
          "schema_version": 0,
          "attributes": {
            "arn": "arn:aws:ecr:us-east-1:185279236646:repository/lrm-v2-dm",
            "encryption_configuration": [
              {
                "encryption_type": "AES256",
                "kms_key": ""
              }
            ],
            "force_delete": null,
            "id": "lrm-v2-dm",
            "image_scanning_configuration": [
              {
                "scan_on_push": true
              }
            ],
            "image_tag_mutability": "MUTABLE",
            "name": "lrm-v2-dm",
            "registry_id": "185279236646",
            "repository_url": "185279236646.dkr.ecr.us-east-1.amazonaws.com/lrm-v2-dm",
            "tags": {
              "Environment": "shared",
              "Proyect": "lrm"
            },
            "tags_all": {
              "Environment": "shared",
              "Proyect": "lrm"
            },
            "timeouts": null
          },
          "sensitive_attributes": [],
          "private": "eyJlMmJmYjczMC1lY2FhLTExZTYtOGY4OC0zNDM2M2JjN2M0YzAiOnsiZGVsZXRlIjoxMjAwMDAwMDAwMDAwfX0="
        }
      ]
    },
    {
      "mode": "managed",
      "type": "aws_ecr_repository",
      "name": "lrm_v2_dev_container_registry",
      "provider": "provider[\"registry.terraform.io/hashicorp/aws\"]",
      "instances": [
        {
          "schema_version": 0,
          "attributes": {
            "arn": "arn:aws:ecr:us-east-1:185279236646:repository/lrm-v2-dev-api",
            "encryption_configuration": [
              {
                "encryption_type": "AES256",
                "kms_key": ""
              }
            ],
            "force_delete": null,
            "id": "lrm-v2-dev-api",
            "image_scanning_configuration": [
              {
                "scan_on_push": true
              }
            ],
            "image_tag_mutability": "MUTABLE",
            "name": "lrm-v2-dev-api",
            "registry_id": "185279236646",
            "repository_url": "185279236646.dkr.ecr.us-east-1.amazonaws.com/lrm-v2-dev-api",
            "tags": {
              "Environment": "development",
              "Proyect": "lrm"
            },
            "tags_all": {
              "Environment": "development",
              "Proyect": "lrm"
            },
            "timeouts": null
          },
          "sensitive_attributes": [],
          "private": "eyJlMmJmYjczMC1lY2FhLTExZTYtOGY4OC0zNDM2M2JjN2M0YzAiOnsiZGVsZXRlIjoxMjAwMDAwMDAwMDAwfX0="
        }
      ]
    },
    {
      "mode": "managed",
      "type": "aws_ecr_repository",
      "name": "lrm_v2_f1_container_registry",
      "provider": "provider[\"registry.terraform.io/hashicorp/aws\"]",
      "instances": [
        {
          "schema_version": 0,
          "attributes": {
            "arn": "arn:aws:ecr:us-east-1:185279236646:repository/lrm-v2-f1",
            "encryption_configuration": [
              {
                "encryption_type": "AES256",
                "kms_key": ""
              }
            ],
            "force_delete": null,
            "id": "lrm-v2-f1",
            "image_scanning_configuration": [
              {
                "scan_on_push": true
              }
            ],
            "image_tag_mutability": "MUTABLE",
            "name": "lrm-v2-f1",
            "registry_id": "185279236646",
            "repository_url": "185279236646.dkr.ecr.us-east-1.amazonaws.com/lrm-v2-f1",
            "tags": {
              "Environment": "shared",
              "Proyect": "lrm"
            },
            "tags_all": {
              "Environment": "shared",
              "Proyect": "lrm"
            },
            "timeouts": null
          },
          "sensitive_attributes": [],
          "private": "eyJlMmJmYjczMC1lY2FhLTExZTYtOGY4OC0zNDM2M2JjN2M0YzAiOnsiZGVsZXRlIjoxMjAwMDAwMDAwMDAwfX0="
        }
      ]
    },
    {
      "mode": "managed",
      "type": "aws_ecr_repository",
      "name": "lrm_v2_f2_container_registry",
      "provider": "provider[\"registry.terraform.io/hashicorp/aws\"]",
      "instances": [
        {
          "schema_version": 0,
          "attributes": {
            "arn": "arn:aws:ecr:us-east-1:185279236646:repository/lrm-v2-f2",
            "encryption_configuration": [
              {
                "encryption_type": "AES256",
                "kms_key": ""
              }
            ],
            "force_delete": null,
            "id": "lrm-v2-f2",
            "image_scanning_configuration": [
              {
                "scan_on_push": true
              }
            ],
            "image_tag_mutability": "MUTABLE",
            "name": "lrm-v2-f2",
            "registry_id": "185279236646",
            "repository_url": "185279236646.dkr.ecr.us-east-1.amazonaws.com/lrm-v2-f2",
            "tags": {
              "Environment": "shared",
              "Proyect": "lrm"
            },
            "tags_all": {
              "Environment": "shared",
              "Proyect": "lrm"
            },
            "timeouts": null
          },
          "sensitive_attributes": [],
          "private": "eyJlMmJmYjczMC1lY2FhLTExZTYtOGY4OC0zNDM2M2JjN2M0YzAiOnsiZGVsZXRlIjoxMjAwMDAwMDAwMDAwfX0="
        }
      ]
    },
    {
      "mode": "managed",
      "type": "aws_ecr_repository",
      "name": "lrm_v2_prod_container_registry",
      "provider": "provider[\"registry.terraform.io/hashicorp/aws\"]",
      "instances": [
        {
          "schema_version": 0,
          "attributes": {
            "arn": "arn:aws:ecr:us-east-1:185279236646:repository/lrm-v2-prod-api",
            "encryption_configuration": [
              {
                "encryption_type": "AES256",
                "kms_key": ""
              }
            ],
            "force_delete": null,
            "id": "lrm-v2-prod-api",
            "image_scanning_configuration": [
              {
                "scan_on_push": true
              }
            ],
            "image_tag_mutability": "MUTABLE",
            "name": "lrm-v2-prod-api",
            "registry_id": "185279236646",
            "repository_url": "185279236646.dkr.ecr.us-east-1.amazonaws.com/lrm-v2-prod-api",
            "tags": {
              "Environment": "production",
              "Proyect": "lrm"
            },
            "tags_all": {
              "Environment": "production",
              "Proyect": "lrm"
            },
            "timeouts": {
              "delete": null
            }
          },
          "sensitive_attributes": [],
          "private": "eyJlMmJmYjczMC1lY2FhLTExZTYtOGY4OC0zNDM2M2JjN2M0YzAiOnsiZGVsZXRlIjoxMjAwMDAwMDAwMDAwfX0="
        }
      ]
    },
    {
      "mode": "managed",
      "type": "aws_ecs_cluster",
      "name": "lrm_engine_ecs_cluster",
      "provider": "provider[\"registry.terraform.io/hashicorp/aws\"]",
      "instances": [
        {
          "schema_version": 0,
          "attributes": {
            "arn": "arn:aws:ecs:us-east-1:185279236646:cluster/lrm-engine",
            "capacity_providers": [],
            "configuration": [
              {
                "execute_command_configuration": [
                  {
                    "kms_key_id": "",
                    "log_configuration": [
                      {
                        "cloud_watch_encryption_enabled": true,
                        "cloud_watch_log_group_name": "lrm_engine_ecs_lg",
                        "s3_bucket_encryption_enabled": false,
                        "s3_bucket_name": "",
                        "s3_key_prefix": ""
                      }
                    ],
                    "logging": "OVERRIDE"
                  }
                ]
              }
            ],
            "default_capacity_provider_strategy": [],
            "id": "arn:aws:ecs:us-east-1:185279236646:cluster/lrm-engine",
            "name": "lrm-engine",
            "setting": [
              {
                "name": "containerInsights",
                "value": "enabled"
              }
            ],
            "tags": {
              "Environment": "shared",
              "Proyect": "lrm"
            },
            "tags_all": {
              "Environment": "shared",
              "Proyect": "lrm"
            }
          },
          "sensitive_attributes": [],
          "private": "bnVsbA==",
          "dependencies": [
            "aws_cloudwatch_log_group.lrm_engine_ecs_lg"
          ]
        }
      ]
    },
    {
      "mode": "managed",
      "type": "aws_ecs_cluster",
      "name": "lrm_v2_dev_ecs_cluster",
      "provider": "provider[\"registry.terraform.io/hashicorp/aws\"]",
      "instances": [
        {
          "schema_version": 0,
          "attributes": {
            "arn": "arn:aws:ecs:us-east-1:185279236646:cluster/lrm-v2-dev",
            "capacity_providers": [],
            "configuration": [
              {
                "execute_command_configuration": [
                  {
                    "kms_key_id": "",
                    "log_configuration": [
                      {
                        "cloud_watch_encryption_enabled": true,
                        "cloud_watch_log_group_name": "lrm_v2_dev_ecs_lg",
                        "s3_bucket_encryption_enabled": false,
                        "s3_bucket_name": "",
                        "s3_key_prefix": ""
                      }
                    ],
                    "logging": "OVERRIDE"
                  }
                ]
              }
            ],
            "default_capacity_provider_strategy": [],
            "id": "arn:aws:ecs:us-east-1:185279236646:cluster/lrm-v2-dev",
            "name": "lrm-v2-dev",
            "setting": [
              {
                "name": "containerInsights",
                "value": "enabled"
              }
            ],
            "tags": {
              "Environment": "development",
              "Proyect": "lrm"
            },
            "tags_all": {
              "Environment": "development",
              "Proyect": "lrm"
            }
          },
          "sensitive_attributes": [],
          "private": "bnVsbA==",
          "dependencies": [
            "aws_cloudwatch_log_group.lrm_v2_dev_ecs_lg"
          ]
        }
      ]
    },
    {
      "mode": "managed",
      "type": "aws_ecs_cluster",
      "name": "lrm_v2_prod_ecs_cluster",
      "provider": "provider[\"registry.terraform.io/hashicorp/aws\"]",
      "instances": [
        {
          "schema_version": 0,
          "attributes": {
            "arn": "arn:aws:ecs:us-east-1:185279236646:cluster/lrm-v2-prod",
            "capacity_providers": [],
            "configuration": [
              {
                "execute_command_configuration": [
                  {
                    "kms_key_id": "",
                    "log_configuration": [
                      {
                        "cloud_watch_encryption_enabled": true,
                        "cloud_watch_log_group_name": "lrm_v2_prod_ecs_lg",
                        "s3_bucket_encryption_enabled": false,
                        "s3_bucket_name": "",
                        "s3_key_prefix": ""
                      }
                    ],
                    "logging": "OVERRIDE"
                  }
                ]
              }
            ],
            "default_capacity_provider_strategy": [],
            "id": "arn:aws:ecs:us-east-1:185279236646:cluster/lrm-v2-prod",
            "name": "lrm-v2-prod",
            "setting": [
              {
                "name": "containerInsights",
                "value": "enabled"
              }
            ],
            "tags": {
              "Environment": "production",
              "Proyect": "lrm"
            },
            "tags_all": {
              "Environment": "production",
              "Proyect": "lrm"
            }
          },
          "sensitive_attributes": [],
          "private": "bnVsbA==",
          "dependencies": [
            "aws_cloudwatch_log_group.lrm_v2_prod_ecs_lg"
          ]
        }
      ]
    },
    {
      "mode": "managed",
      "type": "aws_ecs_service",
      "name": "lrm_engine_ecs_service",
      "provider": "provider[\"registry.terraform.io/hashicorp/aws\"]",
      "instances": [
        {
          "schema_version": 0,
          "attributes": {
            "capacity_provider_strategy": [],
            "cluster": "arn:aws:ecs:us-east-1:185279236646:cluster/lrm-engine",
            "deployment_circuit_breaker": [
              {
                "enable": false,
                "rollback": false
              }
            ],
            "deployment_controller": [
              {
                "type": "ECS"
              }
            ],
            "deployment_maximum_percent": 200,
            "deployment_minimum_healthy_percent": 100,
            "desired_count": 1,
            "enable_ecs_managed_tags": false,
            "enable_execute_command": false,
            "force_new_deployment": null,
            "health_check_grace_period_seconds": 0,
            "iam_role": "aws-service-role",
            "id": "arn:aws:ecs:us-east-1:185279236646:service/lrm-engine/lrm-engine-ecs-service",
            "launch_type": "FARGATE",
            "load_balancer": [
              {
                "container_name": "lrm_engine",
                "container_port": 80,
                "elb_name": "",
                "target_group_arn": "arn:aws:elasticloadbalancing:us-east-1:185279236646:targetgroup/lrm-engine-tg/f96237b00be2a13e"
              }
            ],
            "name": "lrm-engine-ecs-service",
            "network_configuration": [
              {
                "assign_public_ip": true,
                "security_groups": [
                  "sg-07435b2428bca74b9"
                ],
                "subnets": [
                  "subnet-032a53d911ecbb547",
                  "subnet-04b5a1ad1826ed925",
                  "subnet-0cd7a07db70f05e51"
                ]
              }
            ],
            "ordered_placement_strategy": [],
            "placement_constraints": [],
            "platform_version": "LATEST",
            "propagate_tags": "TASK_DEFINITION",
            "scheduling_strategy": "REPLICA",
            "service_registries": [],
            "tags": {
              "Environment": "shared",
              "Proyect": "lrm"
            },
            "tags_all": {
              "Environment": "shared",
              "Proyect": "lrm"
            },
            "task_definition": "arn:aws:ecs:us-east-1:185279236646:task-definition/lrm-engine:1",
            "timeouts": null,
            "wait_for_steady_state": false
          },
          "sensitive_attributes": [],
          "private": "eyJlMmJmYjczMC1lY2FhLTExZTYtOGY4OC0zNDM2M2JjN2M0YzAiOnsiY3JlYXRlIjoxMjAwMDAwMDAwMDAwLCJkZWxldGUiOjEyMDAwMDAwMDAwMDAsInVwZGF0ZSI6MTIwMDAwMDAwMDAwMH19",
          "dependencies": [
            "aws_cloudwatch_log_group.lrm_engine_ecs_lg",
            "aws_ecr_repository.lrm_engine_container_registry",
            "aws_ecs_cluster.lrm_engine_ecs_cluster",
            "aws_ecs_task_definition.lrm_engine_ecs_task_definition",
            "aws_lb_target_group.lrm_engine_tg",
            "aws_security_group.lrm_engine_sg",
            "aws_subnet.dev_a",
            "aws_subnet.dev_b",
            "aws_subnet.dev_c",
            "aws_vpc.lrm_v2"
          ]
        }
      ]
    },
    {
      "mode": "managed",
      "type": "aws_ecs_service",
      "name": "lrm_v2_dev_ecs_service",
      "provider": "provider[\"registry.terraform.io/hashicorp/aws\"]",
      "instances": [
        {
          "schema_version": 0,
          "attributes": {
            "capacity_provider_strategy": [],
            "cluster": "arn:aws:ecs:us-east-1:185279236646:cluster/lrm-v2-dev",
            "deployment_circuit_breaker": [
              {
                "enable": false,
                "rollback": false
              }
            ],
            "deployment_controller": [
              {
                "type": "ECS"
              }
            ],
            "deployment_maximum_percent": 200,
            "deployment_minimum_healthy_percent": 100,
            "desired_count": 1,
            "enable_ecs_managed_tags": false,
            "enable_execute_command": false,
            "force_new_deployment": null,
            "health_check_grace_period_seconds": 0,
            "iam_role": "aws-service-role",
            "id": "arn:aws:ecs:us-east-1:185279236646:service/lrm-v2-dev/lrm-v2-dev-ecs-service",
            "launch_type": "FARGATE",
            "load_balancer": [
              {
                "container_name": "lrm_v2_dev",
                "container_port": 80,
                "elb_name": "",
                "target_group_arn": "arn:aws:elasticloadbalancing:us-east-1:185279236646:targetgroup/lrm-v2-dev-tg/55afb56cc839f3be"
              }
            ],
            "name": "lrm-v2-dev-ecs-service",
            "network_configuration": [
              {
                "assign_public_ip": true,
                "security_groups": [
                  "sg-0a4d46904bb672ea6"
                ],
                "subnets": [
                  "subnet-032a53d911ecbb547",
                  "subnet-04b5a1ad1826ed925",
                  "subnet-0cd7a07db70f05e51"
                ]
              }
            ],
            "ordered_placement_strategy": [],
            "placement_constraints": [],
            "platform_version": "LATEST",
            "propagate_tags": "TASK_DEFINITION",
            "scheduling_strategy": "REPLICA",
            "service_registries": [],
            "tags": {
              "Environment": "development",
              "Proyect": "lrm"
            },
            "tags_all": {
              "Environment": "development",
              "Proyect": "lrm"
            },
            "task_definition": "arn:aws:ecs:us-east-1:185279236646:task-definition/lrm-v2-dev:30",
            "timeouts": {
              "create": null,
              "delete": null,
              "update": null
            },
            "wait_for_steady_state": false
          },
          "sensitive_attributes": [],
          "private": "eyJlMmJmYjczMC1lY2FhLTExZTYtOGY4OC0zNDM2M2JjN2M0YzAiOnsiY3JlYXRlIjoxMjAwMDAwMDAwMDAwLCJkZWxldGUiOjEyMDAwMDAwMDAwMDAsInVwZGF0ZSI6MTIwMDAwMDAwMDAwMH19",
          "dependencies": [
            "aws_cloudwatch_log_group.lrm_v2_dev_ecs_lg",
            "aws_db_instance.lrm_v2_dev_db",
            "aws_db_subnet_group.lrm_v2_dev_db_subnet_group",
            "aws_ecr_repository.lrm_v2_dev_container_registry",
            "aws_ecs_cluster.lrm_v2_dev_ecs_cluster",
            "aws_ecs_task_definition.lrm_v2_dev_ecs_task_definition",
            "aws_elasticache_cluster.lrm_v2_redis_dev",
            "aws_elasticache_subnet_group.lrm_v2_dev_subnet_group",
            "aws_lb_target_group.lrm_v2_dev_tg",
            "aws_security_group.lrm_v2_dev_sg",
            "aws_subnet.dev_a",
            "aws_subnet.dev_b",
            "aws_subnet.dev_c",
            "aws_vpc.lrm_v2"
          ]
        }
      ]
    },
    {
      "mode": "managed",
      "type": "aws_ecs_service",
      "name": "lrm_v2_prod_ecs_service",
      "provider": "provider[\"registry.terraform.io/hashicorp/aws\"]",
      "instances": [
        {
          "schema_version": 0,
          "attributes": {
            "capacity_provider_strategy": [],
            "cluster": "arn:aws:ecs:us-east-1:185279236646:cluster/lrm-v2-prod",
            "deployment_circuit_breaker": [
              {
                "enable": false,
                "rollback": false
              }
            ],
            "deployment_controller": [
              {
                "type": "ECS"
              }
            ],
            "deployment_maximum_percent": 200,
            "deployment_minimum_healthy_percent": 100,
            "desired_count": 1,
            "enable_ecs_managed_tags": false,
            "enable_execute_command": false,
            "force_new_deployment": null,
            "health_check_grace_period_seconds": 0,
            "iam_role": "aws-service-role",
            "id": "arn:aws:ecs:us-east-1:185279236646:service/lrm-v2-prod/lrm-v2-prod-ecs-service",
            "launch_type": "FARGATE",
            "load_balancer": [
              {
                "container_name": "lrm_v2_prod",
                "container_port": 80,
                "elb_name": "",
                "target_group_arn": "arn:aws:elasticloadbalancing:us-east-1:185279236646:targetgroup/lrm-v2-prod-tg/f258307a21e6be7d"
              }
            ],
            "name": "lrm-v2-prod-ecs-service",
            "network_configuration": [
              {
                "assign_public_ip": true,
                "security_groups": [
                  "sg-0d83dda437b8a10b7"
                ],
                "subnets": [
                  "subnet-08ed3f524cc77cbe2",
                  "subnet-09f420a6a3797fe1f",
                  "subnet-0ad555f7510c27a5a"
                ]
              }
            ],
            "ordered_placement_strategy": [],
            "placement_constraints": [],
            "platform_version": "LATEST",
            "propagate_tags": "TASK_DEFINITION",
            "scheduling_strategy": "REPLICA",
            "service_registries": [],
            "tags": {
              "Environment": "production",
              "Proyect": "lrm"
            },
            "tags_all": {
              "Environment": "production",
              "Proyect": "lrm"
            },
            "task_definition": "arn:aws:ecs:us-east-1:185279236646:task-definition/lrm-v2-prod:18",
            "timeouts": null,
            "wait_for_steady_state": false
          },
          "sensitive_attributes": [],
          "private": "eyJlMmJmYjczMC1lY2FhLTExZTYtOGY4OC0zNDM2M2JjN2M0YzAiOnsiY3JlYXRlIjoxMjAwMDAwMDAwMDAwLCJkZWxldGUiOjEyMDAwMDAwMDAwMDAsInVwZGF0ZSI6MTIwMDAwMDAwMDAwMH19",
          "dependencies": [
            "aws_cloudwatch_log_group.lrm_v2_prod_ecs_lg",
            "aws_db_instance.lrm_v2_prod_db",
            "aws_db_subnet_group.lrm_v2_prod_db_subnet_group",
            "aws_ecr_repository.lrm_v2_prod_container_registry",
            "aws_ecs_cluster.lrm_v2_prod_ecs_cluster",
            "aws_ecs_task_definition.lrm_v2_prod_ecs_task_definition",
            "aws_elasticache_cluster.lrm_v2_redis",
            "aws_elasticache_subnet_group.lrm_v2_prod_subnet_group",
            "aws_lb_target_group.lrm_v2_prod_tg",
            "aws_security_group.lrm_v2_prod_sg",
            "aws_subnet.prod_a",
            "aws_subnet.prod_b",
            "aws_subnet.prod_c",
            "aws_vpc.lrm_v2"
          ]
        }
      ]
    },
    {
      "mode": "managed",
      "type": "aws_ecs_task_definition",
      "name": "lrm_engine_ecs_task_definition",
      "provider": "provider[\"registry.terraform.io/hashicorp/aws\"]",
      "instances": [
        {
          "schema_version": 1,
          "attributes": {
            "arn": "arn:aws:ecs:us-east-1:185279236646:task-definition/lrm-engine:1",
            "container_definitions": "[{\"cpu\":0,\"environment\":[{\"name\":\"ACCESS_KEY\",\"value\":\"AKIASWI4AZITDQ7SCW2G\"},{\"name\":\"ALLOWED_HOSTS\",\"value\":\"*\"},{\"name\":\"CORS_ALLOWED_DOMAINS\",\"value\":\"localhost:3000\"},{\"name\":\"DB_ENGINE\",\"value\":\"django.db.backends.mysql\"},{\"name\":\"DB_SCHEMA\",\"value\":\"lrm_dev\"},{\"name\":\"EMAIL_BACKEND\",\"value\":\"django.core.mail.backends.smtp.EmailBackend\"},{\"name\":\"EMAIL_HOST\",\"value\":\"email-smtp.us-east-1.amazonaws.com\"},{\"name\":\"EMAIL_HOST_PASSWORD\",\"value\":\"BF8V59hH0JqtkVoy+QNysyF+YEuVWVev/Q3gQeNrdHAh\"},{\"name\":\"EMAIL_HOST_USER\",\"value\":\"AKIASWI4AZITB2TNIIY5\"},{\"name\":\"EMAIL_PORT\",\"value\":\"587\"},{\"name\":\"EMAIL_USE_TLS\",\"value\":\"True\"},{\"name\":\"FRONTEND_HOST\",\"value\":\"https://dev.cheilbidx.io\"},{\"name\":\"LOAD_W2\",\"value\":\"True\"},{\"name\":\"MSO_CRED\",\"value\":\"Samsung!234\"},{\"name\":\"MSO_HOSTNAME\",\"value\":\"https://api.msocheil.com\"},{\"name\":\"MSO_USER\",\"value\":\"RM\"},{\"name\":\"PYTHONHASHSEED\",\"value\":\"0\"},{\"name\":\"PYTHON_ENV\",\"value\":\"dev\"},{\"name\":\"REDIS_ENABLED\",\"value\":\"True\"},{\"name\":\"SECRET_KEY\",\"value\":\"i9G7g92xQ7sBQq+ryYaYfgUl/iB8ZCW9W7Yk6Vgj\"}],\"essential\":true,\"image\":\"185279236646.dkr.ecr.us-east-1.amazonaws.com/lrm-engine-api\",\"mountPoints\":[],\"name\":\"lrm_engine\",\"portMappings\":[{\"containerPort\":80,\"hostPort\":80,\"protocol\":\"tcp\"}],\"volumesFrom\":[]}]",
            "cpu": "4096",
            "ephemeral_storage": [],
            "execution_role_arn": "arn:aws:iam::185279236646:role/ecsTaskExecutionRole",
            "family": "lrm-engine",
            "id": "lrm-engine",
            "inference_accelerator": [],
            "ipc_mode": "",
            "memory": "8192",
            "network_mode": "awsvpc",
            "pid_mode": "",
            "placement_constraints": [],
            "proxy_configuration": [],
            "requires_compatibilities": [
              "FARGATE"
            ],
            "revision": 1,
            "runtime_platform": [],
            "skip_destroy": false,
            "tags": {
              "Domain": "data",
              "Environment": "shared",
              "Proyect": "lrm"
            },
            "tags_all": {
              "Domain": "data",
              "Environment": "shared",
              "Proyect": "lrm"
            },
            "task_role_arn": "",
            "volume": []
          },
          "sensitive_attributes": [],
          "private": "eyJzY2hlbWFfdmVyc2lvbiI6IjEifQ==",
          "dependencies": [
            "aws_ecr_repository.lrm_engine_container_registry"
          ]
        }
      ]
    },
    {
      "mode": "managed",
      "type": "aws_ecs_task_definition",
      "name": "lrm_v2_dev_ecs_task_definition",
      "provider": "provider[\"registry.terraform.io/hashicorp/aws\"]",
      "instances": [
        {
          "schema_version": 1,
          "attributes": {
            "arn": "arn:aws:ecs:us-east-1:185279236646:task-definition/lrm-v2-dev:30",
            "container_definitions": "[{\"cpu\":0,\"environment\":[{\"name\":\"ACCESS_KEY\",\"value\":\"AKIASWI4AZITDQ7SCW2G\"},{\"name\":\"ALLOWED_HOSTS\",\"value\":\"*\"},{\"name\":\"CORS_ALLOWED_DOMAINS\",\"value\":\"http://localhost:4200,https://dev.dcntd.cloud,https://dev.cheilbidx.io,https://cheilbidx.io,https://rm.cheilbidx.io\"},{\"name\":\"DB_ENGINE\",\"value\":\"django.db.backends.mysql\"},{\"name\":\"DB_HOST\",\"value\":\"lrm-v2-dev.cxkegqcerito.us-east-1.rds.amazonaws.com\"},{\"name\":\"DB_PASSWORD\",\"value\":\"977bf9abf3c3e3fd6b8fd79775c66a33\"},{\"name\":\"DB_SCHEMA\",\"value\":\"lrm_dev\"},{\"name\":\"DB_USER\",\"value\":\"admin\"},{\"name\":\"EMAIL_BACKEND\",\"value\":\"django.core.mail.backends.smtp.EmailBackend\"},{\"name\":\"EMAIL_HOST\",\"value\":\"email-smtp.us-east-1.amazonaws.com\"},{\"name\":\"EMAIL_HOST_PASSWORD\",\"value\":\"BF8V59hH0JqtkVoy+QNysyF+YEuVWVev/Q3gQeNrdHAh\"},{\"name\":\"EMAIL_HOST_USER\",\"value\":\"AKIASWI4AZITB2TNIIY5\"},{\"name\":\"EMAIL_PORT\",\"value\":\"587\"},{\"name\":\"EMAIL_USE_TLS\",\"value\":\"True\"},{\"name\":\"FRONTEND_HOST\",\"value\":\"https://dev.cheilbidx.io\"},{\"name\":\"LOAD_W2\",\"value\":\"True\"},{\"name\":\"MSO_CRED\",\"value\":\"Samsung!234\"},{\"name\":\"MSO_HOSTNAME\",\"value\":\"https://api.msocheil.com\"},{\"name\":\"MSO_USER\",\"value\":\"RM\"},{\"name\":\"PYTHONHASHSEED\",\"value\":\"0\"},{\"name\":\"PYTHON_ENV\",\"value\":\"dev\"},{\"name\":\"REDIS_ENABLED\",\"value\":\"True\"},{\"name\":\"REDIS_HOST\",\"value\":\"lrm-v2-dev.3c5nye.0001.use1.cache.amazonaws.com\"},{\"name\":\"REDIS_PORT\",\"value\":\"6379\"},{\"name\":\"SECRET_KEY\",\"value\":\"i9G7g92xQ7sBQq+ryYaYfgUl/iB8ZCW9W7Yk6Vgj\"}],\"essential\":true,\"image\":\"185279236646.dkr.ecr.us-east-1.amazonaws.com/lrm-v2-dev-api\",\"mountPoints\":[],\"name\":\"lrm_v2_dev\",\"portMappings\":[{\"containerPort\":80,\"hostPort\":80,\"protocol\":\"tcp\"}],\"volumesFrom\":[]}]",
            "cpu": "4096",
            "ephemeral_storage": [],
            "execution_role_arn": "arn:aws:iam::185279236646:role/ecsTaskExecutionRole",
            "family": "lrm-v2-dev",
            "id": "lrm-v2-dev",
            "inference_accelerator": [],
            "ipc_mode": "",
            "memory": "25600",
            "network_mode": "awsvpc",
            "pid_mode": "",
            "placement_constraints": [],
            "proxy_configuration": [],
            "requires_compatibilities": [
              "FARGATE"
            ],
            "revision": 30,
            "runtime_platform": [],
            "skip_destroy": false,
            "tags": {
              "Domain": "backend",
              "Environment": "development",
              "Proyect": "lrm"
            },
            "tags_all": {
              "Domain": "backend",
              "Environment": "development",
              "Proyect": "lrm"
            },
            "task_role_arn": "",
            "volume": []
          },
          "sensitive_attributes": [
            [
              {
                "type": "get_attr",
                "value": "container_definitions"
              }
            ]
          ],
          "private": "eyJzY2hlbWFfdmVyc2lvbiI6IjEifQ==",
          "dependencies": [
            "aws_db_instance.lrm_v2_dev_db",
            "aws_db_subnet_group.lrm_v2_dev_db_subnet_group",
            "aws_ecr_repository.lrm_v2_dev_container_registry",
            "aws_elasticache_cluster.lrm_v2_redis_dev",
            "aws_elasticache_subnet_group.lrm_v2_dev_subnet_group",
            "aws_security_group.lrm_v2_dev_sg",
            "aws_subnet.dev_a",
            "aws_subnet.dev_b",
            "aws_subnet.dev_c",
            "aws_vpc.lrm_v2"
          ]
        }
      ]
    },
    {
      "mode": "managed",
      "type": "aws_ecs_task_definition",
      "name": "lrm_v2_prod_ecs_task_definition",
      "provider": "provider[\"registry.terraform.io/hashicorp/aws\"]",
      "instances": [
        {
          "schema_version": 1,
          "attributes": {
            "arn": "arn:aws:ecs:us-east-1:185279236646:task-definition/lrm-v2-prod:18",
            "container_definitions": "[{\"cpu\":0,\"environment\":[{\"name\":\"ACCESS_KEY\",\"value\":\"AKIASWI4AZITDQ7SCW2G\"},{\"name\":\"ALLOWED_HOSTS\",\"value\":\"*\"},{\"name\":\"CORS_ALLOWED_DOMAINS\",\"value\":\"http://localhost:4200,https://dev.dcntd.cloud,https://dev.cheilbidx.io,https://cheilbidx.io,https://rm.cheilbidx.io\"},{\"name\":\"DB_ENGINE\",\"value\":\"django.db.backends.mysql\"},{\"name\":\"DB_HOST\",\"value\":\"lrm-v2-prod.cxkegqcerito.us-east-1.rds.amazonaws.com\"},{\"name\":\"DB_PASSWORD\",\"value\":\"977bf9abf3c3e3fd6b8fd79775c66a33\"},{\"name\":\"DB_SCHEMA\",\"value\":\"lrm_prod\"},{\"name\":\"DB_USER\",\"value\":\"admin\"},{\"name\":\"EMAIL_BACKEND\",\"value\":\"django.core.mail.backends.smtp.EmailBackend\"},{\"name\":\"EMAIL_HOST\",\"value\":\"email-smtp.us-east-1.amazonaws.com\"},{\"name\":\"EMAIL_HOST_PASSWORD\",\"value\":\"BF8V59hH0JqtkVoy+QNysyF+YEuVWVev/Q3gQeNrdHAh\"},{\"name\":\"EMAIL_HOST_USER\",\"value\":\"AKIASWI4AZITB2TNIIY5\"},{\"name\":\"EMAIL_PORT\",\"value\":\"587\"},{\"name\":\"EMAIL_USE_TLS\",\"value\":\"True\"},{\"name\":\"FRONTEND_HOST\",\"value\":\"https://rm.cheilbidx.io\"},{\"name\":\"LOAD_W2\",\"value\":\"True\"},{\"name\":\"MSO_CRED\",\"value\":\"Samsung!234\"},{\"name\":\"MSO_HOSTNAME\",\"value\":\"https://api.msocheil.com\"},{\"name\":\"MSO_USER\",\"value\":\"RM\"},{\"name\":\"PYTHONHASHSEED\",\"value\":\"0\"},{\"name\":\"PYTHON_ENV\",\"value\":\"prod\"},{\"name\":\"REDIS_ENABLED\",\"value\":\"True\"},{\"name\":\"REDIS_HOST\",\"value\":\"lrm-v2.3c5nye.0001.use1.cache.amazonaws.com\"},{\"name\":\"REDIS_PORT\",\"value\":\"6379\"},{\"name\":\"SECRET_KEY\",\"value\":\"i9G7g92xQ7sBQq+ryYaYfgUl/iB8ZCW9W7Yk6Vgj\"}],\"essential\":true,\"image\":\"185279236646.dkr.ecr.us-east-1.amazonaws.com/lrm-v2-prod-api\",\"mountPoints\":[],\"name\":\"lrm_v2_prod\",\"portMappings\":[{\"containerPort\":80,\"hostPort\":80,\"protocol\":\"tcp\"}],\"volumesFrom\":[]}]",
            "cpu": "4096",
            "ephemeral_storage": [],
            "execution_role_arn": "arn:aws:iam::185279236646:role/ecsTaskExecutionRole",
            "family": "lrm-v2-prod",
            "id": "lrm-v2-prod",
            "inference_accelerator": [],
            "ipc_mode": "",
            "memory": "30720",
            "network_mode": "awsvpc",
            "pid_mode": "",
            "placement_constraints": [],
            "proxy_configuration": [],
            "requires_compatibilities": [
              "FARGATE"
            ],
            "revision": 18,
            "runtime_platform": [],
            "skip_destroy": false,
            "tags": {
              "Domain": "backend",
              "Environment": "production",
              "Proyect": "lrm"
            },
            "tags_all": {
              "Domain": "backend",
              "Environment": "production",
              "Proyect": "lrm"
            },
            "task_role_arn": "",
            "volume": []
          },
          "sensitive_attributes": [
            [
              {
                "type": "get_attr",
                "value": "container_definitions"
              }
            ]
          ],
          "private": "eyJzY2hlbWFfdmVyc2lvbiI6IjEifQ==",
          "dependencies": [
            "aws_db_instance.lrm_v2_prod_db",
            "aws_db_subnet_group.lrm_v2_prod_db_subnet_group",
            "aws_ecr_repository.lrm_v2_prod_container_registry",
            "aws_elasticache_cluster.lrm_v2_redis",
            "aws_elasticache_subnet_group.lrm_v2_prod_subnet_group",
            "aws_security_group.lrm_v2_prod_sg",
            "aws_subnet.prod_a",
            "aws_subnet.prod_b",
            "aws_subnet.prod_c",
            "aws_vpc.lrm_v2"
          ]
        }
      ]
    },
    {
      "mode": "managed",
      "type": "aws_eip",
      "name": "cheilvpn",
      "provider": "provider[\"registry.terraform.io/hashicorp/aws\"]",
      "instances": [
        {
          "schema_version": 0,
          "attributes": {
            "address": null,
            "allocation_id": "eipalloc-04237f495c026fd25",
            "associate_with_private_ip": null,
            "association_id": "eipassoc-0961db9a13822df22",
            "carrier_ip": "",
            "customer_owned_ip": "",
            "customer_owned_ipv4_pool": "",
            "domain": "vpc",
            "id": "eipalloc-04237f495c026fd25",
            "instance": "i-0ef3cd3e2f33ee77e",
            "network_border_group": "us-east-1",
            "network_interface": "eni-04ef34e46c4a07645",
            "private_dns": "ip-10-0-8-156.ec2.internal",
            "private_ip": "10.0.8.156",
            "public_dns": "ec2-34-230-247-69.compute-1.amazonaws.com",
            "public_ip": "34.230.247.69",
            "public_ipv4_pool": "amazon",
            "tags": {
              "Environment": "shared",
              "Name": "lrm_v2_vpn_ip",
              "Proyect": "lrm"
            },
            "tags_all": {
              "Environment": "shared",
              "Name": "lrm_v2_vpn_ip",
              "Proyect": "lrm"
            },
            "timeouts": {
              "delete": null,
              "read": null,
              "update": null
            },
            "vpc": true
          },
          "sensitive_attributes": [],
          "private": "eyJlMmJmYjczMC1lY2FhLTExZTYtOGY4OC0zNDM2M2JjN2M0YzAiOnsiZGVsZXRlIjoxODAwMDAwMDAwMDAsInJlYWQiOjkwMDAwMDAwMDAwMCwidXBkYXRlIjozMDAwMDAwMDAwMDB9fQ==",
          "dependencies": [
            "aws_instance.lrm_v2_vpn",
            "aws_key_pair.lrm_v2_vpn_key",
            "aws_security_group.lrm_v2_vpn_sg",
            "aws_subnet.prod_a",
            "aws_vpc.lrm_v2"
          ]
        }
      ]
    },
    {
      "mode": "managed",
      "type": "aws_elasticache_cluster",
      "name": "lrm_v2_redis",
      "provider": "provider[\"registry.terraform.io/hashicorp/aws\"]",
      "instances": [
        {
          "schema_version": 0,
          "attributes": {
            "apply_immediately": null,
            "arn": "arn:aws:elasticache:us-east-1:185279236646:cluster:lrm-v2",
            "auto_minor_version_upgrade": "true",
            "availability_zone": "us-east-1a",
            "az_mode": "single-az",
            "cache_nodes": [
              {
                "address": "lrm-v2.3c5nye.0001.use1.cache.amazonaws.com",
                "availability_zone": "us-east-1a",
                "id": "0001",
                "port": 6379
              }
            ],
            "cluster_address": null,
            "cluster_id": "lrm-v2",
            "configuration_endpoint": null,
            "engine": "redis",
            "engine_version": "6.2",
            "engine_version_actual": "6.2.6",
            "final_snapshot_identifier": null,
            "id": "lrm-v2",
            "log_delivery_configuration": [],
            "maintenance_window": "mon:07:00-mon:08:00",
            "node_type": "cache.t4g.medium",
            "notification_topic_arn": null,
            "num_cache_nodes": 1,
            "parameter_group_name": "default.redis6.x",
            "port": 6379,
            "preferred_availability_zones": null,
            "replication_group_id": null,
            "security_group_ids": [
              "sg-0d83dda437b8a10b7"
            ],
            "security_group_names": [],
            "snapshot_arns": null,
            "snapshot_name": null,
            "snapshot_retention_limit": 0,
            "snapshot_window": "05:00-06:00",
            "subnet_group_name": "lrm-v2-prod-subnet-group",
            "tags": {
              "Environment": "production",
              "Proyect": "lrm"
            },
            "tags_all": {
              "Environment": "production",
              "Proyect": "lrm"
            }
          },
          "sensitive_attributes": [],
          "private": "bnVsbA==",
          "dependencies": [
            "aws_elasticache_subnet_group.lrm_v2_prod_subnet_group",
            "aws_security_group.lrm_v2_prod_sg",
            "aws_subnet.prod_a",
            "aws_subnet.prod_b",
            "aws_subnet.prod_c",
            "aws_vpc.lrm_v2"
          ]
        }
      ]
    },
    {
      "mode": "managed",
      "type": "aws_elasticache_cluster",
      "name": "lrm_v2_redis_dev",
      "provider": "provider[\"registry.terraform.io/hashicorp/aws\"]",
      "instances": [
        {
          "schema_version": 0,
          "attributes": {
            "apply_immediately": null,
            "arn": "arn:aws:elasticache:us-east-1:185279236646:cluster:lrm-v2-dev",
            "auto_minor_version_upgrade": "true",
            "availability_zone": "us-east-1a",
            "az_mode": "single-az",
            "cache_nodes": [
              {
                "address": "lrm-v2-dev.3c5nye.0001.use1.cache.amazonaws.com",
                "availability_zone": "us-east-1a",
                "id": "0001",
                "port": 6379
              }
            ],
            "cluster_address": null,
            "cluster_id": "lrm-v2-dev",
            "configuration_endpoint": null,
            "engine": "redis",
            "engine_version": "6.2",
            "engine_version_actual": "6.2.6",
            "final_snapshot_identifier": null,
            "id": "lrm-v2-dev",
            "log_delivery_configuration": [],
            "maintenance_window": "mon:06:00-mon:07:00",
            "node_type": "cache.t4g.medium",
            "notification_topic_arn": null,
            "num_cache_nodes": 1,
            "parameter_group_name": "default.redis6.x",
            "port": 6379,
            "preferred_availability_zones": null,
            "replication_group_id": null,
            "security_group_ids": [
              "sg-0a4d46904bb672ea6"
            ],
            "security_group_names": [],
            "snapshot_arns": null,
            "snapshot_name": null,
            "snapshot_retention_limit": 0,
            "snapshot_window": "09:30-10:30",
            "subnet_group_name": "lrm-v2-dev-subnet-group",
            "tags": {
              "Environment": "development",
              "Proyect": "lrm"
            },
            "tags_all": {
              "Environment": "development",
              "Proyect": "lrm"
            }
          },
          "sensitive_attributes": [],
          "private": "bnVsbA==",
          "dependencies": [
            "aws_elasticache_subnet_group.lrm_v2_dev_subnet_group",
            "aws_security_group.lrm_v2_dev_sg",
            "aws_subnet.dev_a",
            "aws_subnet.dev_b",
            "aws_subnet.dev_c",
            "aws_vpc.lrm_v2"
          ]
        }
      ]
    },
    {
      "mode": "managed",
      "type": "aws_elasticache_subnet_group",
      "name": "lrm_v2_dev_subnet_group",
      "provider": "provider[\"registry.terraform.io/hashicorp/aws\"]",
      "instances": [
        {
          "schema_version": 0,
          "attributes": {
            "arn": "arn:aws:elasticache:us-east-1:185279236646:subnetgroup:lrm-v2-dev-subnet-group",
            "description": "Managed by Terraform",
            "id": "lrm-v2-dev-subnet-group",
            "name": "lrm-v2-dev-subnet-group",
            "subnet_ids": [
              "subnet-032a53d911ecbb547",
              "subnet-04b5a1ad1826ed925",
              "subnet-0cd7a07db70f05e51"
            ],
            "tags": {},
            "tags_all": {}
          },
          "sensitive_attributes": [],
          "private": "bnVsbA==",
          "dependencies": [
            "aws_subnet.dev_a",
            "aws_subnet.dev_b",
            "aws_subnet.dev_c",
            "aws_vpc.lrm_v2"
          ]
        }
      ]
    },
    {
      "mode": "managed",
      "type": "aws_elasticache_subnet_group",
      "name": "lrm_v2_prod_subnet_group",
      "provider": "provider[\"registry.terraform.io/hashicorp/aws\"]",
      "instances": [
        {
          "schema_version": 0,
          "attributes": {
            "arn": "arn:aws:elasticache:us-east-1:185279236646:subnetgroup:lrm-v2-prod-subnet-group",
            "description": "Managed by Terraform",
            "id": "lrm-v2-prod-subnet-group",
            "name": "lrm-v2-prod-subnet-group",
            "subnet_ids": [
              "subnet-08ed3f524cc77cbe2",
              "subnet-09f420a6a3797fe1f",
              "subnet-0ad555f7510c27a5a"
            ],
            "tags": {},
            "tags_all": {}
          },
          "sensitive_attributes": [],
          "private": "eyJzY2hlbWFfdmVyc2lvbiI6IjAifQ==",
          "dependencies": [
            "aws_subnet.prod_a",
            "aws_subnet.prod_b",
            "aws_subnet.prod_c",
            "aws_vpc.lrm_v2"
          ]
        }
      ]
    },
    {
      "mode": "managed",
      "type": "aws_iam_instance_profile",
      "name": "lrm_v2_instance_role",
      "provider": "provider[\"registry.terraform.io/hashicorp/aws\"]",
      "instances": [
        {
          "schema_version": 0,
          "attributes": {
            "arn": "arn:aws:iam::185279236646:instance-profile/lrm_v2_instance_role",
            "create_date": "2022-09-12T18:44:19Z",
            "id": "lrm_v2_instance_role",
            "name": "lrm_v2_instance_role",
            "name_prefix": null,
            "path": "/",
            "role": "lrm_v2_instance_role",
            "tags": {},
            "tags_all": {},
            "unique_id": "AIPASWI4AZITOV7EMKVPO"
          },
          "sensitive_attributes": [],
          "private": "bnVsbA==",
          "dependencies": [
            "aws_iam_role.lrm_v2_instance_role"
          ]
        }
      ]
    },
    {
      "mode": "managed",
      "type": "aws_iam_role",
      "name": "lrm_v2_batch_service_role",
      "provider": "provider[\"registry.terraform.io/hashicorp/aws\"]",
      "instances": [
        {
          "schema_version": 0,
          "attributes": {
            "arn": "arn:aws:iam::185279236646:role/lrm_v2_batch_service_role",
            "assume_role_policy": "{\"Statement\":[{\"Action\":\"sts:AssumeRole\",\"Effect\":\"Allow\",\"Principal\":{\"Service\":\"batch.amazonaws.com\"}}],\"Version\":\"2012-10-17\"}",
            "create_date": "2022-09-12T18:44:18Z",
            "description": "",
            "force_detach_policies": false,
            "id": "lrm_v2_batch_service_role",
            "inline_policy": [],
            "managed_policy_arns": [
              "arn:aws:iam::aws:policy/service-role/AWSBatchServiceRole"
            ],
            "max_session_duration": 3600,
            "name": "lrm_v2_batch_service_role",
            "name_prefix": "",
            "path": "/",
            "permissions_boundary": null,
            "tags": {},
            "tags_all": {},
            "unique_id": "AROASWI4AZITKVVSOEKJ7"
          },
          "sensitive_attributes": [],
          "private": "bnVsbA=="
        }
      ]
    },
    {
      "mode": "managed",
      "type": "aws_iam_role",
      "name": "lrm_v2_ecs_task_execution_role",
      "provider": "provider[\"registry.terraform.io/hashicorp/aws\"]",
      "instances": [
        {
          "schema_version": 0,
          "attributes": {
            "arn": "arn:aws:iam::185279236646:role/lrm_v2_batch_exec_role",
            "assume_role_policy": "{\"Statement\":[{\"Action\":\"sts:AssumeRole\",\"Effect\":\"Allow\",\"Principal\":{\"Service\":\"ecs-tasks.amazonaws.com\"},\"Sid\":\"\"}],\"Version\":\"2012-10-17\"}",
            "create_date": "2022-09-12T19:38:13Z",
            "description": "",
            "force_detach_policies": false,
            "id": "lrm_v2_batch_exec_role",
            "inline_policy": [],
            "managed_policy_arns": [
              "arn:aws:iam::aws:policy/service-role/AmazonECSTaskExecutionRolePolicy"
            ],
            "max_session_duration": 3600,
            "name": "lrm_v2_batch_exec_role",
            "name_prefix": "",
            "path": "/",
            "permissions_boundary": null,
            "tags": {},
            "tags_all": {},
            "unique_id": "AROASWI4AZITPHGWIIWQE"
          },
          "sensitive_attributes": [],
          "private": "bnVsbA==",
          "dependencies": [
            "data.aws_iam_policy_document.lrm_v2_batchdef_assume_role_policy"
          ]
        }
      ]
    },
    {
      "mode": "managed",
      "type": "aws_iam_role",
      "name": "lrm_v2_instance_role",
      "provider": "provider[\"registry.terraform.io/hashicorp/aws\"]",
      "instances": [
        {
          "schema_version": 0,
          "attributes": {
            "arn": "arn:aws:iam::185279236646:role/lrm_v2_instance_role",
            "assume_role_policy": "{\"Statement\":[{\"Action\":\"sts:AssumeRole\",\"Effect\":\"Allow\",\"Principal\":{\"Service\":\"ec2.amazonaws.com\"}}],\"Version\":\"2012-10-17\"}",
            "create_date": "2022-09-12T18:44:18Z",
            "description": "",
            "force_detach_policies": false,
            "id": "lrm_v2_instance_role",
            "inline_policy": [],
            "managed_policy_arns": [
              "arn:aws:iam::aws:policy/service-role/AmazonEC2ContainerServiceforEC2Role"
            ],
            "max_session_duration": 3600,
            "name": "lrm_v2_instance_role",
            "name_prefix": "",
            "path": "/",
            "permissions_boundary": null,
            "tags": {},
            "tags_all": {},
            "unique_id": "AROASWI4AZITLRLF5SUEY"
          },
          "sensitive_attributes": [],
          "private": "bnVsbA=="
        }
      ]
    },
    {
      "mode": "managed",
      "type": "aws_iam_role_policy_attachment",
      "name": "lrm_v2_batch_service_role",
      "provider": "provider[\"registry.terraform.io/hashicorp/aws\"]",
      "instances": [
        {
          "schema_version": 0,
          "attributes": {
            "id": "lrm_v2_batch_service_role-20220912184418969200000001",
            "policy_arn": "arn:aws:iam::aws:policy/service-role/AWSBatchServiceRole",
            "role": "lrm_v2_batch_service_role"
          },
          "sensitive_attributes": [],
          "private": "bnVsbA==",
          "dependencies": [
            "aws_iam_role.lrm_v2_batch_service_role"
          ]
        }
      ]
    },
    {
      "mode": "managed",
      "type": "aws_iam_role_policy_attachment",
      "name": "lrm_v2_ecs_task_execution_role_policy",
      "provider": "provider[\"registry.terraform.io/hashicorp/aws\"]",
      "instances": [
        {
          "schema_version": 0,
          "attributes": {
            "id": "lrm_v2_batch_exec_role-20220912193814738400000001",
            "policy_arn": "arn:aws:iam::aws:policy/service-role/AmazonECSTaskExecutionRolePolicy",
            "role": "lrm_v2_batch_exec_role"
          },
          "sensitive_attributes": [],
          "private": "bnVsbA==",
          "dependencies": [
            "aws_iam_role.lrm_v2_ecs_task_execution_role",
            "data.aws_iam_policy_document.lrm_v2_batchdef_assume_role_policy"
          ]
        }
      ]
    },
    {
      "mode": "managed",
      "type": "aws_iam_role_policy_attachment",
      "name": "lrm_v2_instance_role",
      "provider": "provider[\"registry.terraform.io/hashicorp/aws\"]",
      "instances": [
        {
          "schema_version": 0,
          "attributes": {
            "id": "lrm_v2_instance_role-20220912184419034500000002",
            "policy_arn": "arn:aws:iam::aws:policy/service-role/AmazonEC2ContainerServiceforEC2Role",
            "role": "lrm_v2_instance_role"
          },
          "sensitive_attributes": [],
          "private": "bnVsbA==",
          "dependencies": [
            "aws_iam_role.lrm_v2_instance_role"
          ]
        }
      ]
    },
    {
      "mode": "managed",
      "type": "aws_instance",
      "name": "lrm_v2_vpn",
      "provider": "provider[\"registry.terraform.io/hashicorp/aws\"]",
      "instances": [
        {
          "schema_version": 1,
          "attributes": {
            "ami": "ami-099aae505e404f737",
            "arn": "arn:aws:ec2:us-east-1:185279236646:instance/i-0ef3cd3e2f33ee77e",
            "associate_public_ip_address": true,
            "availability_zone": "us-east-1a",
            "capacity_reservation_specification": [
              {
                "capacity_reservation_preference": "open",
                "capacity_reservation_target": []
              }
            ],
            "cpu_core_count": 1,
            "cpu_threads_per_core": 2,
            "credit_specification": [
              {
                "cpu_credits": "unlimited"
              }
            ],
            "disable_api_stop": false,
            "disable_api_termination": false,
            "ebs_block_device": [],
            "ebs_optimized": false,
            "enclave_options": [
              {
                "enabled": false
              }
            ],
            "ephemeral_block_device": [],
            "get_password_data": false,
            "hibernation": false,
            "host_id": null,
            "host_resource_group_arn": null,
            "iam_instance_profile": "",
            "id": "i-0ef3cd3e2f33ee77e",
            "instance_initiated_shutdown_behavior": "stop",
            "instance_state": "running",
            "instance_type": "t3.small",
            "ipv6_address_count": 0,
            "ipv6_addresses": [],
            "key_name": "lrm-v2-vpn-key",
            "launch_template": [],
            "maintenance_options": [
              {
                "auto_recovery": "default"
              }
            ],
            "metadata_options": [
              {
                "http_endpoint": "enabled",
                "http_put_response_hop_limit": 1,
                "http_tokens": "optional",
                "instance_metadata_tags": "disabled"
              }
            ],
            "monitoring": false,
            "network_interface": [],
            "outpost_arn": "",
            "password_data": "",
            "placement_group": "",
            "placement_partition_number": null,
            "primary_network_interface_id": "eni-04ef34e46c4a07645",
            "private_dns": "ip-10-0-8-156.ec2.internal",
            "private_dns_name_options": [
              {
                "enable_resource_name_dns_a_record": false,
                "enable_resource_name_dns_aaaa_record": false,
                "hostname_type": "ip-name"
              }
            ],
            "private_ip": "10.0.8.156",
            "public_dns": "ec2-34-230-247-69.compute-1.amazonaws.com",
            "public_ip": "34.230.247.69",
            "root_block_device": [
              {
                "delete_on_termination": true,
                "device_name": "/dev/sda1",
                "encrypted": false,
                "iops": 100,
                "kms_key_id": "",
                "tags": {
                  "Environment": "shared",
                  "Name": "vpn",
                  "Proyect": "lrm"
                },
                "throughput": 0,
                "volume_id": "vol-03c6bc529e0e3472d",
                "volume_size": 8,
                "volume_type": "gp2"
              }
            ],
            "secondary_private_ips": [],
            "security_groups": [],
            "source_dest_check": true,
            "subnet_id": "subnet-08ed3f524cc77cbe2",
            "tags": {
              "Environment": "shared",
              "Name": "lrm-v2-vpn",
              "Proyect": "lrm"
            },
            "tags_all": {
              "Environment": "shared",
              "Name": "lrm-v2-vpn",
              "Proyect": "lrm"
            },
            "tenancy": "default",
            "timeouts": null,
            "user_data": null,
            "user_data_base64": null,
            "user_data_replace_on_change": false,
            "volume_tags": null,
            "vpc_security_group_ids": [
              "sg-092c73e82b3aeffc4"
            ]
          },
          "sensitive_attributes": [],
          "private": "eyJlMmJmYjczMC1lY2FhLTExZTYtOGY4OC0zNDM2M2JjN2M0YzAiOnsiY3JlYXRlIjo2MDAwMDAwMDAwMDAsImRlbGV0ZSI6MTIwMDAwMDAwMDAwMCwidXBkYXRlIjo2MDAwMDAwMDAwMDB9LCJzY2hlbWFfdmVyc2lvbiI6IjEifQ==",
          "dependencies": [
            "aws_key_pair.lrm_v2_vpn_key",
            "aws_security_group.lrm_v2_vpn_sg",
            "aws_subnet.prod_a",
            "aws_vpc.lrm_v2"
          ]
        }
      ]
    },
    {
      "mode": "managed",
      "type": "aws_internet_gateway",
      "name": "lrm_v2_prod_igw",
      "provider": "provider[\"registry.terraform.io/hashicorp/aws\"]",
      "instances": [
        {
          "schema_version": 0,
          "attributes": {
            "arn": "arn:aws:ec2:us-east-1:185279236646:internet-gateway/igw-0a4693efb5ffbc742",
            "id": "igw-0a4693efb5ffbc742",
            "owner_id": "185279236646",
            "tags": {
              "Name": "lrm_v2_prod_igw"
            },
            "tags_all": {
              "Name": "lrm_v2_prod_igw"
            },
            "timeouts": {
              "create": null,
              "delete": null,
              "update": null
            },
            "vpc_id": "vpc-0664694b3f4af88c4"
          },
          "sensitive_attributes": [],
          "private": "eyJlMmJmYjczMC1lY2FhLTExZTYtOGY4OC0zNDM2M2JjN2M0YzAiOnsiY3JlYXRlIjoxMjAwMDAwMDAwMDAwLCJkZWxldGUiOjEyMDAwMDAwMDAwMDAsInVwZGF0ZSI6MTIwMDAwMDAwMDAwMH0sInNjaGVtYV92ZXJzaW9uIjoiMCJ9",
          "dependencies": [
            "aws_vpc.lrm_v2"
          ]
        }
      ]
    },
    {
      "mode": "managed",
      "type": "aws_key_pair",
      "name": "lrm_v2_vpn_key",
      "provider": "provider[\"registry.terraform.io/hashicorp/aws\"]",
      "instances": [
        {
          "schema_version": 1,
          "attributes": {
            "arn": "arn:aws:ec2:us-east-1:185279236646:key-pair/lrm-v2-vpn-key",
            "fingerprint": "f6:5b:dd:a4:22:06:e1:b6:a6:40:aa:c3:33:d4:58:bc",
            "id": "lrm-v2-vpn-key",
            "key_name": "lrm-v2-vpn-key",
            "key_name_prefix": "",
            "key_pair_id": "key-0904492b23d7aa3e2",
            "key_type": "rsa",
            "public_key": "ssh-rsa AAAAB3NzaC1yc2EAAAADAQABAAAAgQCoOhftQ8o4sULshSjwi65ygV0UbVDnlfFAm1AQrIQa0j1XSG/Iz9+zVJm7u79IadUwAZGaS2tjFtSVi4SIOD/jN1snuA2Sv6uKmn8mjwYPCtYzmVa9QPyWCiADWsO6qKczYHoJ4wMNsNMOWEBPeJMYiwoDk2vDib7EPh2DUwT5Bw== eivar@eivar-Inspiron-5406-2n1",
            "tags": {},
            "tags_all": {}
          },
          "sensitive_attributes": [],
          "private": "eyJzY2hlbWFfdmVyc2lvbiI6IjEifQ=="
        }
      ]
    },
    {
      "mode": "managed",
      "type": "aws_lb",
      "name": "lrm_engine_elb",
      "provider": "provider[\"registry.terraform.io/hashicorp/aws\"]",
      "instances": [
        {
          "schema_version": 0,
          "attributes": {
            "access_logs": [
              {
                "bucket": "lrm-engine-elb-logs",
                "enabled": true,
                "prefix": "lrm-engine-elb"
              }
            ],
            "arn": "arn:aws:elasticloadbalancing:us-east-1:185279236646:loadbalancer/app/lrm-engine-elb/67744ac34f01f805",
            "arn_suffix": "app/lrm-engine-elb/67744ac34f01f805",
            "customer_owned_ipv4_pool": "",
            "desync_mitigation_mode": "defensive",
            "dns_name": "lrm-engine-elb-1186033422.us-east-1.elb.amazonaws.com",
            "drop_invalid_header_fields": false,
            "enable_cross_zone_load_balancing": true,
            "enable_deletion_protection": true,
            "enable_http2": true,
            "enable_waf_fail_open": false,
            "id": "arn:aws:elasticloadbalancing:us-east-1:185279236646:loadbalancer/app/lrm-engine-elb/67744ac34f01f805",
            "idle_timeout": 500,
            "internal": false,
            "ip_address_type": "ipv4",
            "load_balancer_type": "application",
            "name": "lrm-engine-elb",
            "name_prefix": null,
            "preserve_host_header": false,
            "security_groups": [
              "sg-07435b2428bca74b9"
            ],
            "subnet_mapping": [
              {
                "allocation_id": "",
                "ipv6_address": "",
                "outpost_id": "",
                "private_ipv4_address": "",
                "subnet_id": "subnet-032a53d911ecbb547"
              },
              {
                "allocation_id": "",
                "ipv6_address": "",
                "outpost_id": "",
                "private_ipv4_address": "",
                "subnet_id": "subnet-04b5a1ad1826ed925"
              },
              {
                "allocation_id": "",
                "ipv6_address": "",
                "outpost_id": "",
                "private_ipv4_address": "",
                "subnet_id": "subnet-0cd7a07db70f05e51"
              }
            ],
            "subnets": [
              "subnet-032a53d911ecbb547",
              "subnet-04b5a1ad1826ed925",
              "subnet-0cd7a07db70f05e51"
            ],
            "tags": {
              "Environment": "shared",
              "Proyect": "lrm"
            },
            "tags_all": {
              "Environment": "shared",
              "Proyect": "lrm"
            },
            "timeouts": null,
            "vpc_id": "vpc-0664694b3f4af88c4",
            "zone_id": "Z35SXDOTRQ7X7K"
          },
          "sensitive_attributes": [],
          "private": "eyJlMmJmYjczMC1lY2FhLTExZTYtOGY4OC0zNDM2M2JjN2M0YzAiOnsiY3JlYXRlIjo2MDAwMDAwMDAwMDAsImRlbGV0ZSI6NjAwMDAwMDAwMDAwLCJ1cGRhdGUiOjYwMDAwMDAwMDAwMH19",
          "dependencies": [
            "aws_s3_bucket.lrm_engine_elb_logs",
            "aws_security_group.lrm_engine_sg",
            "aws_subnet.dev_a",
            "aws_subnet.dev_b",
            "aws_subnet.dev_c",
            "aws_vpc.lrm_v2"
          ]
        }
      ]
    },
    {
      "mode": "managed",
      "type": "aws_lb",
      "name": "lrm_v2_dev_elb",
      "provider": "provider[\"registry.terraform.io/hashicorp/aws\"]",
      "instances": [
        {
          "schema_version": 0,
          "attributes": {
            "access_logs": [
              {
                "bucket": "lrm-v2-elb-logs-dev",
                "enabled": true,
                "prefix": "lrm-v2-dev-elb"
              }
            ],
            "arn": "arn:aws:elasticloadbalancing:us-east-1:185279236646:loadbalancer/app/lrm-v2-dev-elb/4d11c533f8a6908d",
            "arn_suffix": "app/lrm-v2-dev-elb/4d11c533f8a6908d",
            "customer_owned_ipv4_pool": "",
            "desync_mitigation_mode": "defensive",
            "dns_name": "lrm-v2-dev-elb-1190725290.us-east-1.elb.amazonaws.com",
            "drop_invalid_header_fields": false,
            "enable_cross_zone_load_balancing": true,
            "enable_deletion_protection": true,
            "enable_http2": true,
            "enable_waf_fail_open": false,
            "id": "arn:aws:elasticloadbalancing:us-east-1:185279236646:loadbalancer/app/lrm-v2-dev-elb/4d11c533f8a6908d",
            "idle_timeout": 500,
            "internal": false,
            "ip_address_type": "ipv4",
            "load_balancer_type": "application",
            "name": "lrm-v2-dev-elb",
            "name_prefix": null,
            "preserve_host_header": false,
            "security_groups": [
              "sg-0a4d46904bb672ea6"
            ],
            "subnet_mapping": [
              {
                "allocation_id": "",
                "ipv6_address": "",
                "outpost_id": "",
                "private_ipv4_address": "",
                "subnet_id": "subnet-032a53d911ecbb547"
              },
              {
                "allocation_id": "",
                "ipv6_address": "",
                "outpost_id": "",
                "private_ipv4_address": "",
                "subnet_id": "subnet-04b5a1ad1826ed925"
              },
              {
                "allocation_id": "",
                "ipv6_address": "",
                "outpost_id": "",
                "private_ipv4_address": "",
                "subnet_id": "subnet-0cd7a07db70f05e51"
              }
            ],
            "subnets": [
              "subnet-032a53d911ecbb547",
              "subnet-04b5a1ad1826ed925",
              "subnet-0cd7a07db70f05e51"
            ],
            "tags": {
              "Environment": "development",
              "Proyect": "lrm"
            },
            "tags_all": {
              "Environment": "development",
              "Proyect": "lrm"
            },
            "timeouts": null,
            "vpc_id": "vpc-0664694b3f4af88c4",
            "zone_id": "Z35SXDOTRQ7X7K"
          },
          "sensitive_attributes": [],
          "private": "eyJlMmJmYjczMC1lY2FhLTExZTYtOGY4OC0zNDM2M2JjN2M0YzAiOnsiY3JlYXRlIjo2MDAwMDAwMDAwMDAsImRlbGV0ZSI6NjAwMDAwMDAwMDAwLCJ1cGRhdGUiOjYwMDAwMDAwMDAwMH19",
          "dependencies": [
            "aws_s3_bucket.lrm_v2_elb_logs_dev",
            "aws_security_group.lrm_v2_dev_sg",
            "aws_subnet.dev_a",
            "aws_subnet.dev_b",
            "aws_subnet.dev_c",
            "aws_vpc.lrm_v2"
          ]
        }
      ]
    },
    {
      "mode": "managed",
      "type": "aws_lb",
      "name": "lrm_v2_prod_elb",
      "provider": "provider[\"registry.terraform.io/hashicorp/aws\"]",
      "instances": [
        {
          "schema_version": 0,
          "attributes": {
            "access_logs": [
              {
                "bucket": "lrm-v2-elb-logs",
                "enabled": true,
                "prefix": "lrm-v2-prod-elb"
              }
            ],
            "arn": "arn:aws:elasticloadbalancing:us-east-1:185279236646:loadbalancer/app/lrm-v2-prod-elb/2b81797f4e797c84",
            "arn_suffix": "app/lrm-v2-prod-elb/2b81797f4e797c84",
            "customer_owned_ipv4_pool": "",
            "desync_mitigation_mode": "defensive",
            "dns_name": "lrm-v2-prod-elb-1930995321.us-east-1.elb.amazonaws.com",
            "drop_invalid_header_fields": false,
            "enable_cross_zone_load_balancing": true,
            "enable_deletion_protection": true,
            "enable_http2": true,
            "enable_waf_fail_open": false,
            "id": "arn:aws:elasticloadbalancing:us-east-1:185279236646:loadbalancer/app/lrm-v2-prod-elb/2b81797f4e797c84",
            "idle_timeout": 500,
            "internal": false,
            "ip_address_type": "ipv4",
            "load_balancer_type": "application",
            "name": "lrm-v2-prod-elb",
            "name_prefix": null,
            "preserve_host_header": false,
            "security_groups": [
              "sg-0d83dda437b8a10b7"
            ],
            "subnet_mapping": [
              {
                "allocation_id": "",
                "ipv6_address": "",
                "outpost_id": "",
                "private_ipv4_address": "",
                "subnet_id": "subnet-08ed3f524cc77cbe2"
              },
              {
                "allocation_id": "",
                "ipv6_address": "",
                "outpost_id": "",
                "private_ipv4_address": "",
                "subnet_id": "subnet-09f420a6a3797fe1f"
              },
              {
                "allocation_id": "",
                "ipv6_address": "",
                "outpost_id": "",
                "private_ipv4_address": "",
                "subnet_id": "subnet-0ad555f7510c27a5a"
              }
            ],
            "subnets": [
              "subnet-08ed3f524cc77cbe2",
              "subnet-09f420a6a3797fe1f",
              "subnet-0ad555f7510c27a5a"
            ],
            "tags": {
              "Environment": "production",
              "Proyect": "lrm"
            },
            "tags_all": {
              "Environment": "production",
              "Proyect": "lrm"
            },
            "timeouts": {
              "create": null,
              "delete": null,
              "update": null
            },
            "vpc_id": "vpc-0664694b3f4af88c4",
            "zone_id": "Z35SXDOTRQ7X7K"
          },
          "sensitive_attributes": [],
          "private": "eyJlMmJmYjczMC1lY2FhLTExZTYtOGY4OC0zNDM2M2JjN2M0YzAiOnsiY3JlYXRlIjo2MDAwMDAwMDAwMDAsImRlbGV0ZSI6NjAwMDAwMDAwMDAwLCJ1cGRhdGUiOjYwMDAwMDAwMDAwMH19",
          "dependencies": [
            "aws_s3_bucket.lrm_v2_elb_logs",
            "aws_security_group.lrm_v2_prod_sg",
            "aws_subnet.prod_a",
            "aws_subnet.prod_b",
            "aws_subnet.prod_c",
            "aws_vpc.lrm_v2"
          ]
        }
      ]
    },
    {
      "mode": "managed",
      "type": "aws_lb_listener",
      "name": "lrm_engine_elb_listener",
      "provider": "provider[\"registry.terraform.io/hashicorp/aws\"]",
      "instances": [
        {
          "schema_version": 0,
          "attributes": {
            "alpn_policy": null,
            "arn": "arn:aws:elasticloadbalancing:us-east-1:185279236646:listener/app/lrm-engine-elb/67744ac34f01f805/36c12d22e8378566",
            "certificate_arn": "arn:aws:acm:us-east-1:185279236646:certificate/d4936e98-609f-4f89-ab90-d095fedd9ae6",
            "default_action": [
              {
                "authenticate_cognito": [],
                "authenticate_oidc": [],
                "fixed_response": [],
                "forward": [],
                "order": 1,
                "redirect": [],
                "target_group_arn": "arn:aws:elasticloadbalancing:us-east-1:185279236646:targetgroup/lrm-engine-tg/f96237b00be2a13e",
                "type": "forward"
              }
            ],
            "id": "arn:aws:elasticloadbalancing:us-east-1:185279236646:listener/app/lrm-engine-elb/67744ac34f01f805/36c12d22e8378566",
            "load_balancer_arn": "arn:aws:elasticloadbalancing:us-east-1:185279236646:loadbalancer/app/lrm-engine-elb/67744ac34f01f805",
            "port": 443,
            "protocol": "HTTPS",
            "ssl_policy": "ELBSecurityPolicy-2016-08",
            "tags": {},
            "tags_all": {},
            "timeouts": null
          },
          "sensitive_attributes": [],
          "private": "eyJlMmJmYjczMC1lY2FhLTExZTYtOGY4OC0zNDM2M2JjN2M0YzAiOnsicmVhZCI6NjAwMDAwMDAwMDAwfX0=",
          "dependencies": [
            "aws_acm_certificate.lrm_engine_domain_cert",
            "aws_acm_certificate_validation.lrm_engine_domain_cert_validation",
            "aws_lb.lrm_engine_elb",
            "aws_lb_target_group.lrm_engine_tg",
            "aws_route53_record.lrm_engine_domain_records",
            "aws_route53_zone.lrm_v2_dns_zone",
            "aws_s3_bucket.lrm_engine_elb_logs",
            "aws_security_group.lrm_engine_sg",
            "aws_subnet.dev_a",
            "aws_subnet.dev_b",
            "aws_subnet.dev_c",
            "aws_vpc.lrm_v2"
          ]
        }
      ]
    },
    {
      "mode": "managed",
      "type": "aws_lb_listener",
      "name": "lrm_v2_dev_elb_listener",
      "provider": "provider[\"registry.terraform.io/hashicorp/aws\"]",
      "instances": [
        {
          "schema_version": 0,
          "attributes": {
            "alpn_policy": null,
            "arn": "arn:aws:elasticloadbalancing:us-east-1:185279236646:listener/app/lrm-v2-dev-elb/4d11c533f8a6908d/94836ce867bca649",
            "certificate_arn": "arn:aws:acm:us-east-1:185279236646:certificate/a75cfd12-27f8-4ad5-8eb7-a85d4b3ad85b",
            "default_action": [
              {
                "authenticate_cognito": [],
                "authenticate_oidc": [],
                "fixed_response": [],
                "forward": [],
                "order": 1,
                "redirect": [],
                "target_group_arn": "arn:aws:elasticloadbalancing:us-east-1:185279236646:targetgroup/lrm-v2-dev-tg/55afb56cc839f3be",
                "type": "forward"
              }
            ],
            "id": "arn:aws:elasticloadbalancing:us-east-1:185279236646:listener/app/lrm-v2-dev-elb/4d11c533f8a6908d/94836ce867bca649",
            "load_balancer_arn": "arn:aws:elasticloadbalancing:us-east-1:185279236646:loadbalancer/app/lrm-v2-dev-elb/4d11c533f8a6908d",
            "port": 443,
            "protocol": "HTTPS",
            "ssl_policy": "ELBSecurityPolicy-2016-08",
            "tags": {},
            "tags_all": {},
            "timeouts": null
          },
          "sensitive_attributes": [],
          "private": "eyJlMmJmYjczMC1lY2FhLTExZTYtOGY4OC0zNDM2M2JjN2M0YzAiOnsicmVhZCI6NjAwMDAwMDAwMDAwfX0=",
          "dependencies": [
            "aws_acm_certificate.lrm_v2_dev_domain_cert",
            "aws_acm_certificate_validation.lrm_v2_dev_domain_cert_validation",
            "aws_lb.lrm_v2_dev_elb",
            "aws_lb_target_group.lrm_v2_dev_tg",
            "aws_route53_record.lrm_v2_dev_domain_records",
            "aws_route53_zone.lrm_v2_dns_zone",
            "aws_s3_bucket.lrm_v2_elb_logs_dev",
            "aws_security_group.lrm_v2_dev_sg",
            "aws_subnet.dev_a",
            "aws_subnet.dev_b",
            "aws_subnet.dev_c",
            "aws_vpc.lrm_v2"
          ]
        }
      ]
    },
    {
      "mode": "managed",
      "type": "aws_lb_listener",
      "name": "lrm_v2_prod_elb_listener",
      "provider": "provider[\"registry.terraform.io/hashicorp/aws\"]",
      "instances": [
        {
          "schema_version": 0,
          "attributes": {
            "alpn_policy": null,
            "arn": "arn:aws:elasticloadbalancing:us-east-1:185279236646:listener/app/lrm-v2-prod-elb/2b81797f4e797c84/0ad8419b28a4104b",
            "certificate_arn": "arn:aws:acm:us-east-1:185279236646:certificate/464b0d7c-f57a-45af-8bfe-73cec23a3aca",
            "default_action": [
              {
                "authenticate_cognito": [],
                "authenticate_oidc": [],
                "fixed_response": [],
                "forward": [],
                "order": 1,
                "redirect": [],
                "target_group_arn": "arn:aws:elasticloadbalancing:us-east-1:185279236646:targetgroup/lrm-v2-prod-tg/f258307a21e6be7d",
                "type": "forward"
              }
            ],
            "id": "arn:aws:elasticloadbalancing:us-east-1:185279236646:listener/app/lrm-v2-prod-elb/2b81797f4e797c84/0ad8419b28a4104b",
            "load_balancer_arn": "arn:aws:elasticloadbalancing:us-east-1:185279236646:loadbalancer/app/lrm-v2-prod-elb/2b81797f4e797c84",
            "port": 443,
            "protocol": "HTTPS",
            "ssl_policy": "ELBSecurityPolicy-2016-08",
            "tags": {
              "Environment": "production",
              "Proyect": "lrm"
            },
            "tags_all": {
              "Environment": "production",
              "Proyect": "lrm"
            },
            "timeouts": {
              "read": null
            }
          },
          "sensitive_attributes": [],
          "private": "eyJlMmJmYjczMC1lY2FhLTExZTYtOGY4OC0zNDM2M2JjN2M0YzAiOnsicmVhZCI6NjAwMDAwMDAwMDAwfX0=",
          "dependencies": [
            "aws_acm_certificate.lrm_v2_prod_domain_cert",
            "aws_acm_certificate_validation.lrm_v2_prod_domain_cert_validation",
            "aws_lb.lrm_v2_prod_elb",
            "aws_lb_target_group.lrm_v2_prod_tg",
            "aws_route53_record.lrm_v2_prod_domain_records",
            "aws_route53_zone.lrm_v2_dns_zone",
            "aws_s3_bucket.lrm_v2_elb_logs",
            "aws_security_group.lrm_v2_prod_sg",
            "aws_subnet.prod_a",
            "aws_subnet.prod_b",
            "aws_subnet.prod_c",
            "aws_vpc.lrm_v2"
          ]
        }
      ]
    },
    {
      "mode": "managed",
      "type": "aws_lb_target_group",
      "name": "lrm_engine_tg",
      "provider": "provider[\"registry.terraform.io/hashicorp/aws\"]",
      "instances": [
        {
          "schema_version": 0,
          "attributes": {
            "arn": "arn:aws:elasticloadbalancing:us-east-1:185279236646:targetgroup/lrm-engine-tg/f96237b00be2a13e",
            "arn_suffix": "targetgroup/lrm-engine-tg/f96237b00be2a13e",
            "connection_termination": false,
            "deregistration_delay": "300",
            "health_check": [
              {
                "enabled": true,
                "healthy_threshold": 3,
                "interval": 30,
                "matcher": "200",
                "path": "/healthcheck",
                "port": "traffic-port",
                "protocol": "HTTP",
                "timeout": 5,
                "unhealthy_threshold": 3
              }
            ],
            "id": "arn:aws:elasticloadbalancing:us-east-1:185279236646:targetgroup/lrm-engine-tg/f96237b00be2a13e",
            "ip_address_type": null,
            "lambda_multi_value_headers_enabled": false,
            "load_balancing_algorithm_type": "round_robin",
            "name": "lrm-engine-tg",
            "name_prefix": null,
            "port": 80,
            "preserve_client_ip": null,
            "protocol": "HTTP",
            "protocol_version": "HTTP1",
            "proxy_protocol_v2": false,
            "slow_start": 0,
            "stickiness": [
              {
                "cookie_duration": 86400,
                "cookie_name": "",
                "enabled": false,
                "type": "lb_cookie"
              }
            ],
            "tags": {
              "Environment": "shared",
              "Proyect": "lrm"
            },
            "tags_all": {
              "Environment": "shared",
              "Proyect": "lrm"
            },
            "target_type": "ip",
            "vpc_id": "vpc-0664694b3f4af88c4"
          },
          "sensitive_attributes": [],
          "private": "bnVsbA==",
          "dependencies": [
            "aws_vpc.lrm_v2"
          ]
        }
      ]
    },
    {
      "mode": "managed",
      "type": "aws_lb_target_group",
      "name": "lrm_v2_dev_tg",
      "provider": "provider[\"registry.terraform.io/hashicorp/aws\"]",
      "instances": [
        {
          "schema_version": 0,
          "attributes": {
            "arn": "arn:aws:elasticloadbalancing:us-east-1:185279236646:targetgroup/lrm-v2-dev-tg/55afb56cc839f3be",
            "arn_suffix": "targetgroup/lrm-v2-dev-tg/55afb56cc839f3be",
            "connection_termination": false,
            "deregistration_delay": "300",
            "health_check": [
              {
                "enabled": true,
                "healthy_threshold": 3,
                "interval": 30,
                "matcher": "200",
                "path": "/healthcheck",
                "port": "traffic-port",
                "protocol": "HTTP",
                "timeout": 5,
                "unhealthy_threshold": 3
              }
            ],
            "id": "arn:aws:elasticloadbalancing:us-east-1:185279236646:targetgroup/lrm-v2-dev-tg/55afb56cc839f3be",
            "ip_address_type": null,
            "lambda_multi_value_headers_enabled": false,
            "load_balancing_algorithm_type": "round_robin",
            "name": "lrm-v2-dev-tg",
            "name_prefix": null,
            "port": 80,
            "preserve_client_ip": null,
            "protocol": "HTTP",
            "protocol_version": "HTTP1",
            "proxy_protocol_v2": false,
            "slow_start": 0,
            "stickiness": [
              {
                "cookie_duration": 86400,
                "cookie_name": "",
                "enabled": false,
                "type": "lb_cookie"
              }
            ],
            "tags": {
              "Environment": "development",
              "Proyect": "lrm"
            },
            "tags_all": {
              "Environment": "development",
              "Proyect": "lrm"
            },
            "target_type": "ip",
            "vpc_id": "vpc-0664694b3f4af88c4"
          },
          "sensitive_attributes": [],
          "private": "bnVsbA==",
          "dependencies": [
            "aws_vpc.lrm_v2"
          ]
        }
      ]
    },
    {
      "mode": "managed",
      "type": "aws_lb_target_group",
      "name": "lrm_v2_prod_tg",
      "provider": "provider[\"registry.terraform.io/hashicorp/aws\"]",
      "instances": [
        {
          "schema_version": 0,
          "attributes": {
            "arn": "arn:aws:elasticloadbalancing:us-east-1:185279236646:targetgroup/lrm-v2-prod-tg/f258307a21e6be7d",
            "arn_suffix": "targetgroup/lrm-v2-prod-tg/f258307a21e6be7d",
            "connection_termination": false,
            "deregistration_delay": "300",
            "health_check": [
              {
                "enabled": true,
                "healthy_threshold": 3,
                "interval": 30,
                "matcher": "200",
                "path": "/healthcheck",
                "port": "traffic-port",
                "protocol": "HTTP",
                "timeout": 5,
                "unhealthy_threshold": 3
              }
            ],
            "id": "arn:aws:elasticloadbalancing:us-east-1:185279236646:targetgroup/lrm-v2-prod-tg/f258307a21e6be7d",
            "ip_address_type": null,
            "lambda_multi_value_headers_enabled": false,
            "load_balancing_algorithm_type": "round_robin",
            "name": "lrm-v2-prod-tg",
            "name_prefix": null,
            "port": 80,
            "preserve_client_ip": null,
            "protocol": "HTTP",
            "protocol_version": "HTTP1",
            "proxy_protocol_v2": false,
            "slow_start": 0,
            "stickiness": [
              {
                "cookie_duration": 86400,
                "cookie_name": "",
                "enabled": false,
                "type": "lb_cookie"
              }
            ],
            "tags": {
              "Environment": "production",
              "Proyect": "lrm"
            },
            "tags_all": {
              "Environment": "production",
              "Proyect": "lrm"
            },
            "target_type": "ip",
            "vpc_id": "vpc-0664694b3f4af88c4"
          },
          "sensitive_attributes": [],
          "private": "bnVsbA==",
          "dependencies": [
            "aws_vpc.lrm_v2"
          ]
        }
      ]
    },
    {
      "mode": "managed",
      "type": "aws_route",
      "name": "r",
      "provider": "provider[\"registry.terraform.io/hashicorp/aws\"]",
      "instances": [
        {
          "schema_version": 0,
          "attributes": {
            "carrier_gateway_id": "",
            "core_network_arn": "",
            "destination_cidr_block": "0.0.0.0/0",
            "destination_ipv6_cidr_block": "",
            "destination_prefix_list_id": "",
            "egress_only_gateway_id": "",
            "gateway_id": "igw-0a4693efb5ffbc742",
            "id": "r-rtb-0c7a06b70061c4c961080289494",
            "instance_id": "",
            "instance_owner_id": "",
            "local_gateway_id": "",
            "nat_gateway_id": "",
            "network_interface_id": "",
            "origin": "CreateRoute",
            "route_table_id": "rtb-0c7a06b70061c4c96",
            "state": "active",
            "timeouts": null,
            "transit_gateway_id": "",
            "vpc_endpoint_id": "",
            "vpc_peering_connection_id": ""
          },
          "sensitive_attributes": [],
          "private": "eyJlMmJmYjczMC1lY2FhLTExZTYtOGY4OC0zNDM2M2JjN2M0YzAiOnsiY3JlYXRlIjozMDAwMDAwMDAwMDAsImRlbGV0ZSI6MzAwMDAwMDAwMDAwLCJ1cGRhdGUiOjEyMDAwMDAwMDAwMH19",
          "dependencies": [
            "aws_internet_gateway.lrm_v2_prod_igw",
            "aws_vpc.lrm_v2"
          ]
        }
      ]
    },
    {
      "mode": "managed",
      "type": "aws_route53_record",
      "name": "lrm_engine_domain_records",
      "provider": "provider[\"registry.terraform.io/hashicorp/aws\"]",
      "instances": [
        {
          "index_key": "engine.cheilbidx.io",
          "schema_version": 2,
          "attributes": {
            "alias": [],
            "allow_overwrite": true,
            "failover_routing_policy": [],
            "fqdn": "_e5274332d8c926737eaa3587233ee11a.engine.cheilbidx.io",
            "geolocation_routing_policy": [],
            "health_check_id": "",
            "id": "Z06485333OGWLMYIKASLR__e5274332d8c926737eaa3587233ee11a.engine.cheilbidx.io._CNAME",
            "latency_routing_policy": [],
            "multivalue_answer_routing_policy": null,
            "name": "_e5274332d8c926737eaa3587233ee11a.engine.cheilbidx.io",
            "records": [
              "_43a971d0f96b4948c5345139dbb558d3.xmjnffzjyj.acm-validations.aws."
            ],
            "set_identifier": "",
            "ttl": 60,
            "type": "CNAME",
            "weighted_routing_policy": [],
            "zone_id": "Z06485333OGWLMYIKASLR"
          },
          "sensitive_attributes": [],
          "private": "eyJzY2hlbWFfdmVyc2lvbiI6IjIifQ==",
          "dependencies": [
            "aws_acm_certificate.lrm_engine_domain_cert",
            "aws_route53_zone.lrm_v2_dns_zone"
          ]
        }
      ]
    },
    {
      "mode": "managed",
      "type": "aws_route53_record",
      "name": "lrm_engine_elb_records",
      "provider": "provider[\"registry.terraform.io/hashicorp/aws\"]",
      "instances": [
        {
          "schema_version": 2,
          "attributes": {
            "alias": [],
            "allow_overwrite": true,
            "failover_routing_policy": [],
            "fqdn": "engine.cheilbidx.io",
            "geolocation_routing_policy": [],
            "health_check_id": "",
            "id": "Z06485333OGWLMYIKASLR_engine_CNAME",
            "latency_routing_policy": [],
            "multivalue_answer_routing_policy": null,
            "name": "engine",
            "records": [
              "lrm-engine-elb-1186033422.us-east-1.elb.amazonaws.com"
            ],
            "set_identifier": "",
            "ttl": 60,
            "type": "CNAME",
            "weighted_routing_policy": [],
            "zone_id": "Z06485333OGWLMYIKASLR"
          },
          "sensitive_attributes": [],
          "private": "eyJzY2hlbWFfdmVyc2lvbiI6IjIifQ==",
          "dependencies": [
            "aws_lb.lrm_engine_elb",
            "aws_route53_zone.lrm_v2_dns_zone",
            "aws_s3_bucket.lrm_engine_elb_logs",
            "aws_security_group.lrm_engine_sg",
            "aws_subnet.dev_a",
            "aws_subnet.dev_b",
            "aws_subnet.dev_c",
            "aws_vpc.lrm_v2"
          ]
        }
      ]
    },
    {
      "mode": "managed",
      "type": "aws_route53_record",
      "name": "lrm_v2_dev_domain_records",
      "provider": "provider[\"registry.terraform.io/hashicorp/aws\"]",
      "instances": [
        {
          "index_key": "lrm-api-dev.cheilbidx.io",
          "schema_version": 2,
          "attributes": {
            "alias": [],
            "allow_overwrite": true,
            "failover_routing_policy": [],
            "fqdn": "_4079cb5af5ec06e62bda6438ba448a75.lrm-api-dev.cheilbidx.io",
            "geolocation_routing_policy": [],
            "health_check_id": "",
            "id": "Z06485333OGWLMYIKASLR__4079cb5af5ec06e62bda6438ba448a75.lrm-api-dev.cheilbidx.io._CNAME",
            "latency_routing_policy": [],
            "multivalue_answer_routing_policy": null,
            "name": "_4079cb5af5ec06e62bda6438ba448a75.lrm-api-dev.cheilbidx.io",
            "records": [
              "_aac87561c03ead12ec2a0cfb0ecbd3e6.mqzgcdqkwq.acm-validations.aws."
            ],
            "set_identifier": "",
            "ttl": 60,
            "type": "CNAME",
            "weighted_routing_policy": [],
            "zone_id": "Z06485333OGWLMYIKASLR"
          },
          "sensitive_attributes": [],
          "private": "eyJzY2hlbWFfdmVyc2lvbiI6IjIifQ==",
          "dependencies": [
            "aws_acm_certificate.lrm_v2_dev_domain_cert",
            "aws_route53_zone.lrm_v2_dns_zone"
          ]
        }
      ]
    },
    {
      "mode": "managed",
      "type": "aws_route53_record",
      "name": "lrm_v2_dev_elb_records",
      "provider": "provider[\"registry.terraform.io/hashicorp/aws\"]",
      "instances": [
        {
          "schema_version": 2,
          "attributes": {
            "alias": [],
            "allow_overwrite": true,
            "failover_routing_policy": [],
            "fqdn": "lrm-api-dev.cheilbidx.io",
            "geolocation_routing_policy": [],
            "health_check_id": "",
            "id": "Z06485333OGWLMYIKASLR_lrm-api-dev_CNAME",
            "latency_routing_policy": [],
            "multivalue_answer_routing_policy": null,
            "name": "lrm-api-dev",
            "records": [
              "lrm-v2-dev-elb-1190725290.us-east-1.elb.amazonaws.com"
            ],
            "set_identifier": "",
            "ttl": 60,
            "type": "CNAME",
            "weighted_routing_policy": [],
            "zone_id": "Z06485333OGWLMYIKASLR"
          },
          "sensitive_attributes": [],
          "private": "eyJzY2hlbWFfdmVyc2lvbiI6IjIifQ==",
          "dependencies": [
            "aws_lb.lrm_v2_dev_elb",
            "aws_route53_zone.lrm_v2_dns_zone",
            "aws_s3_bucket.lrm_v2_elb_logs_dev",
            "aws_security_group.lrm_v2_dev_sg",
            "aws_subnet.dev_a",
            "aws_subnet.dev_b",
            "aws_subnet.dev_c",
            "aws_vpc.lrm_v2"
          ]
        }
      ]
    },
    {
      "mode": "managed",
      "type": "aws_route53_record",
      "name": "lrm_v2_prod_domain_records",
      "provider": "provider[\"registry.terraform.io/hashicorp/aws\"]",
      "instances": [
        {
          "index_key": "lrm-api-prod.cheilbidx.io",
          "schema_version": 2,
          "attributes": {
            "alias": [],
            "allow_overwrite": true,
            "failover_routing_policy": [],
            "fqdn": "_0d5017243cb9427088d665a39b6a7766.lrm-api-prod.cheilbidx.io",
            "geolocation_routing_policy": [],
            "health_check_id": "",
            "id": "Z06485333OGWLMYIKASLR__0d5017243cb9427088d665a39b6a7766.lrm-api-prod.cheilbidx.io._CNAME",
            "latency_routing_policy": [],
            "multivalue_answer_routing_policy": null,
            "name": "_0d5017243cb9427088d665a39b6a7766.lrm-api-prod.cheilbidx.io",
            "records": [
              "_f13676b0e75d458f7b11e2699a56b4ac.dhzvlrndnj.acm-validations.aws."
            ],
            "set_identifier": "",
            "ttl": 60,
            "type": "CNAME",
            "weighted_routing_policy": [],
            "zone_id": "Z06485333OGWLMYIKASLR"
          },
          "sensitive_attributes": [],
          "private": "eyJzY2hlbWFfdmVyc2lvbiI6IjIifQ==",
          "dependencies": [
            "aws_acm_certificate.lrm_v2_prod_domain_cert",
            "aws_route53_zone.lrm_v2_dns_zone"
          ]
        }
      ]
    },
    {
      "mode": "managed",
      "type": "aws_route53_record",
      "name": "lrm_v2_prod_elb_records",
      "provider": "provider[\"registry.terraform.io/hashicorp/aws\"]",
      "instances": [
        {
          "schema_version": 2,
          "attributes": {
            "alias": [],
            "allow_overwrite": true,
            "failover_routing_policy": [],
            "fqdn": "lrm-api-prod.cheilbidx.io",
            "geolocation_routing_policy": [],
            "health_check_id": "",
            "id": "Z06485333OGWLMYIKASLR_lrm-api-prod_CNAME",
            "latency_routing_policy": [],
            "multivalue_answer_routing_policy": null,
            "name": "lrm-api-prod",
            "records": [
              "lrm-v2-prod-elb-1930995321.us-east-1.elb.amazonaws.com"
            ],
            "set_identifier": "",
            "ttl": 60,
            "type": "CNAME",
            "weighted_routing_policy": [],
            "zone_id": "Z06485333OGWLMYIKASLR"
          },
          "sensitive_attributes": [],
          "private": "eyJzY2hlbWFfdmVyc2lvbiI6IjIifQ==",
          "dependencies": [
            "aws_lb.lrm_v2_prod_elb",
            "aws_route53_zone.lrm_v2_dns_zone",
            "aws_s3_bucket.lrm_v2_elb_logs",
            "aws_security_group.lrm_v2_prod_sg",
            "aws_subnet.prod_a",
            "aws_subnet.prod_b",
            "aws_subnet.prod_c",
            "aws_vpc.lrm_v2"
          ]
        }
      ]
    },
    {
      "mode": "managed",
      "type": "aws_route53_zone",
      "name": "lrm_v2_dns_zone",
      "provider": "provider[\"registry.terraform.io/hashicorp/aws\"]",
      "instances": [
        {
          "schema_version": 0,
          "attributes": {
            "arn": "arn:aws:route53:::hostedzone/Z06485333OGWLMYIKASLR",
            "comment": "Managed by Terraform",
            "delegation_set_id": "",
            "force_destroy": false,
            "id": "Z06485333OGWLMYIKASLR",
            "name": "cheilbidx.io",
            "name_servers": [
              "ns-1013.awsdns-62.net",
              "ns-1439.awsdns-51.org",
              "ns-1603.awsdns-08.co.uk",
              "ns-214.awsdns-26.com"
            ],
            "tags": {
              "Environment": "shared",
              "Proyect": "lrm"
            },
            "tags_all": {
              "Environment": "shared",
              "Proyect": "lrm"
            },
            "vpc": [],
            "zone_id": "Z06485333OGWLMYIKASLR"
          },
          "sensitive_attributes": [],
          "private": "bnVsbA=="
        }
      ]
    },
    {
      "mode": "managed",
      "type": "aws_s3_bucket",
      "name": "etlgscmsales",
      "provider": "provider[\"registry.terraform.io/hashicorp/aws\"]",
      "instances": [
        {
          "schema_version": 0,
          "attributes": {
            "acceleration_status": "",
            "acl": null,
            "arn": "arn:aws:s3:::etlgscmsales",
            "bucket": "etlgscmsales",
            "bucket_domain_name": "etlgscmsales.s3.amazonaws.com",
            "bucket_prefix": null,
            "bucket_regional_domain_name": "etlgscmsales.s3.amazonaws.com",
            "cors_rule": [],
            "force_destroy": false,
            "grant": [
              {
                "id": "0566b322a95e650988395487607def6d9ac55b43545e2fbbb7f5692fba7a3a52",
                "permissions": [
                  "FULL_CONTROL"
                ],
                "type": "CanonicalUser",
                "uri": ""
              }
            ],
            "hosted_zone_id": "Z3AQBSTGFYJSTF",
            "id": "etlgscmsales",
            "lifecycle_rule": [],
            "logging": [],
            "object_lock_configuration": [],
            "object_lock_enabled": false,
            "policy": "",
            "region": "us-east-1",
            "replication_configuration": [],
            "request_payer": "BucketOwner",
            "server_side_encryption_configuration": [],
            "tags": {
              "Environment": "shared",
              "Name": "etlgscmsales",
              "Proyect": "lrm"
            },
            "tags_all": {
              "Environment": "shared",
              "Name": "etlgscmsales",
              "Proyect": "lrm"
            },
            "timeouts": {
              "create": null,
              "delete": null,
              "read": null,
              "update": null
            },
            "versioning": [
              {
                "enabled": false,
                "mfa_delete": false
              }
            ],
            "website": [],
            "website_domain": null,
            "website_endpoint": null
          },
          "sensitive_attributes": [],
          "private": "eyJlMmJmYjczMC1lY2FhLTExZTYtOGY4OC0zNDM2M2JjN2M0YzAiOnsiY3JlYXRlIjoxMjAwMDAwMDAwMDAwLCJkZWxldGUiOjM2MDAwMDAwMDAwMDAsInJlYWQiOjEyMDAwMDAwMDAwMDAsInVwZGF0ZSI6MTIwMDAwMDAwMDAwMH19"
        }
      ]
    },
    {
      "mode": "managed",
      "type": "aws_s3_bucket",
      "name": "lrm_engine_elb_logs",
      "provider": "provider[\"registry.terraform.io/hashicorp/aws\"]",
      "instances": [
        {
          "schema_version": 0,
          "attributes": {
            "acceleration_status": "",
            "acl": null,
            "arn": "arn:aws:s3:::lrm-engine-elb-logs",
            "bucket": "lrm-engine-elb-logs",
            "bucket_domain_name": "lrm-engine-elb-logs.s3.amazonaws.com",
            "bucket_prefix": null,
            "bucket_regional_domain_name": "lrm-engine-elb-logs.s3.amazonaws.com",
            "cors_rule": [],
            "force_destroy": false,
            "grant": [
              {
                "id": "0566b322a95e650988395487607def6d9ac55b43545e2fbbb7f5692fba7a3a52",
                "permissions": [
                  "FULL_CONTROL"
                ],
                "type": "CanonicalUser",
                "uri": ""
              }
            ],
            "hosted_zone_id": "Z3AQBSTGFYJSTF",
            "id": "lrm-engine-elb-logs",
            "lifecycle_rule": [],
            "logging": [],
            "object_lock_configuration": [],
            "object_lock_enabled": false,
            "policy": "{\"Version\":\"2012-10-17\",\"Statement\":[{\"Sid\":\"\",\"Effect\":\"Allow\",\"Principal\":{\"AWS\":\"arn:aws:iam::127311923021:root\"},\"Action\":\"s3:PutObject\",\"Resource\":[\"arn:aws:s3:::lrm-engine-elb-logs/lrm-engine-elb/AWSLogs/185279236646/*\",\"arn:aws:s3:::lrm-engine-elb-logs\"]}]}",
            "region": "us-east-1",
            "replication_configuration": [],
            "request_payer": "BucketOwner",
            "server_side_encryption_configuration": [],
            "tags": {
              "Environment": "shared",
              "Name": "lrm-engine-elb-logs",
              "Proyect": "lrm"
            },
            "tags_all": {
              "Environment": "shared",
              "Name": "lrm-engine-elb-logs",
              "Proyect": "lrm"
            },
            "timeouts": null,
            "versioning": [
              {
                "enabled": false,
                "mfa_delete": false
              }
            ],
            "website": [],
            "website_domain": null,
            "website_endpoint": null
          },
          "sensitive_attributes": [],
          "private": "eyJlMmJmYjczMC1lY2FhLTExZTYtOGY4OC0zNDM2M2JjN2M0YzAiOnsiY3JlYXRlIjoxMjAwMDAwMDAwMDAwLCJkZWxldGUiOjM2MDAwMDAwMDAwMDAsInJlYWQiOjEyMDAwMDAwMDAwMDAsInVwZGF0ZSI6MTIwMDAwMDAwMDAwMH19"
        }
      ]
    },
    {
      "mode": "managed",
      "type": "aws_s3_bucket",
      "name": "lrm_v2_elb_logs",
      "provider": "provider[\"registry.terraform.io/hashicorp/aws\"]",
      "instances": [
        {
          "schema_version": 0,
          "attributes": {
            "acceleration_status": "",
            "acl": null,
            "arn": "arn:aws:s3:::lrm-v2-elb-logs",
            "bucket": "lrm-v2-elb-logs",
            "bucket_domain_name": "lrm-v2-elb-logs.s3.amazonaws.com",
            "bucket_prefix": null,
            "bucket_regional_domain_name": "lrm-v2-elb-logs.s3.amazonaws.com",
            "cors_rule": [],
            "force_destroy": false,
            "grant": [
              {
                "id": "0566b322a95e650988395487607def6d9ac55b43545e2fbbb7f5692fba7a3a52",
                "permissions": [
                  "FULL_CONTROL"
                ],
                "type": "CanonicalUser",
                "uri": ""
              }
            ],
            "hosted_zone_id": "Z3AQBSTGFYJSTF",
            "id": "lrm-v2-elb-logs",
            "lifecycle_rule": [],
            "logging": [],
            "object_lock_configuration": [],
            "object_lock_enabled": false,
            "policy": "{\"Version\":\"2012-10-17\",\"Statement\":[{\"Sid\":\"\",\"Effect\":\"Allow\",\"Principal\":{\"AWS\":\"arn:aws:iam::127311923021:root\"},\"Action\":\"s3:PutObject\",\"Resource\":[\"arn:aws:s3:::lrm-v2-elb-logs/lrm-v2-prod-elb/AWSLogs/185279236646/*\",\"arn:aws:s3:::lrm-v2-elb-logs\"]}]}",
            "region": "us-east-1",
            "replication_configuration": [],
            "request_payer": "BucketOwner",
            "server_side_encryption_configuration": [],
            "tags": {
              "Environment": "production",
              "Name": "lrm-v2-elb-logs",
              "Proyect": "lrm"
            },
            "tags_all": {
              "Environment": "production",
              "Name": "lrm-v2-elb-logs",
              "Proyect": "lrm"
            },
            "timeouts": {
              "create": null,
              "delete": null,
              "read": null,
              "update": null
            },
            "versioning": [
              {
                "enabled": false,
                "mfa_delete": false
              }
            ],
            "website": [],
            "website_domain": null,
            "website_endpoint": null
          },
          "sensitive_attributes": [],
          "private": "eyJlMmJmYjczMC1lY2FhLTExZTYtOGY4OC0zNDM2M2JjN2M0YzAiOnsiY3JlYXRlIjoxMjAwMDAwMDAwMDAwLCJkZWxldGUiOjM2MDAwMDAwMDAwMDAsInJlYWQiOjEyMDAwMDAwMDAwMDAsInVwZGF0ZSI6MTIwMDAwMDAwMDAwMH19"
        }
      ]
    },
    {
      "mode": "managed",
      "type": "aws_s3_bucket",
      "name": "lrm_v2_elb_logs_dev",
      "provider": "provider[\"registry.terraform.io/hashicorp/aws\"]",
      "instances": [
        {
          "schema_version": 0,
          "attributes": {
            "acceleration_status": "",
            "acl": null,
            "arn": "arn:aws:s3:::lrm-v2-elb-logs-dev",
            "bucket": "lrm-v2-elb-logs-dev",
            "bucket_domain_name": "lrm-v2-elb-logs-dev.s3.amazonaws.com",
            "bucket_prefix": null,
            "bucket_regional_domain_name": "lrm-v2-elb-logs-dev.s3.amazonaws.com",
            "cors_rule": [],
            "force_destroy": false,
            "grant": [
              {
                "id": "0566b322a95e650988395487607def6d9ac55b43545e2fbbb7f5692fba7a3a52",
                "permissions": [
                  "FULL_CONTROL"
                ],
                "type": "CanonicalUser",
                "uri": ""
              }
            ],
            "hosted_zone_id": "Z3AQBSTGFYJSTF",
            "id": "lrm-v2-elb-logs-dev",
            "lifecycle_rule": [],
            "logging": [],
            "object_lock_configuration": [],
            "object_lock_enabled": false,
            "policy": "{\"Version\":\"2012-10-17\",\"Statement\":[{\"Sid\":\"\",\"Effect\":\"Allow\",\"Principal\":{\"AWS\":\"arn:aws:iam::127311923021:root\"},\"Action\":\"s3:PutObject\",\"Resource\":[\"arn:aws:s3:::lrm-v2-elb-logs-dev/lrm-v2-dev-elb/AWSLogs/185279236646/*\",\"arn:aws:s3:::lrm-v2-elb-logs-dev\"]}]}",
            "region": "us-east-1",
            "replication_configuration": [],
            "request_payer": "BucketOwner",
            "server_side_encryption_configuration": [],
            "tags": {
              "Environment": "development",
              "Name": "lrm-v2-elb-logs-dev",
              "Proyect": "lrm"
            },
            "tags_all": {
              "Environment": "development",
              "Name": "lrm-v2-elb-logs-dev",
              "Proyect": "lrm"
            },
            "timeouts": null,
            "versioning": [
              {
                "enabled": false,
                "mfa_delete": false
              }
            ],
            "website": [],
            "website_domain": null,
            "website_endpoint": null
          },
          "sensitive_attributes": [],
          "private": "eyJlMmJmYjczMC1lY2FhLTExZTYtOGY4OC0zNDM2M2JjN2M0YzAiOnsiY3JlYXRlIjoxMjAwMDAwMDAwMDAwLCJkZWxldGUiOjM2MDAwMDAwMDAwMDAsInJlYWQiOjEyMDAwMDAwMDAwMDAsInVwZGF0ZSI6MTIwMDAwMDAwMDAwMH19"
        }
      ]
    },
    {
      "mode": "managed",
      "type": "aws_s3_bucket_policy",
      "name": "lrm_engine_elb_logs_put_permission",
      "provider": "provider[\"registry.terraform.io/hashicorp/aws\"]",
      "instances": [
        {
          "schema_version": 0,
          "attributes": {
            "bucket": "lrm-engine-elb-logs",
            "id": "lrm-engine-elb-logs",
            "policy": "{\"Statement\":[{\"Action\":\"s3:PutObject\",\"Effect\":\"Allow\",\"Principal\":{\"AWS\":\"arn:aws:iam::127311923021:root\"},\"Resource\":[\"arn:aws:s3:::lrm-engine-elb-logs/lrm-engine-elb/AWSLogs/185279236646/*\",\"arn:aws:s3:::lrm-engine-elb-logs\"],\"Sid\":\"\"}],\"Version\":\"2012-10-17\"}"
          },
          "sensitive_attributes": [],
          "private": "bnVsbA==",
          "dependencies": [
            "aws_s3_bucket.lrm_engine_elb_logs",
            "data.aws_iam_policy_document.lrm_engine_allow_access_for_elb_logging"
          ]
        }
      ]
    },
    {
      "mode": "managed",
      "type": "aws_s3_bucket_policy",
      "name": "lrm_v2_elb_logs_dev_put_permission",
      "provider": "provider[\"registry.terraform.io/hashicorp/aws\"]",
      "instances": [
        {
          "schema_version": 0,
          "attributes": {
            "bucket": "lrm-v2-elb-logs-dev",
            "id": "lrm-v2-elb-logs-dev",
            "policy": "{\"Statement\":[{\"Action\":\"s3:PutObject\",\"Effect\":\"Allow\",\"Principal\":{\"AWS\":\"arn:aws:iam::127311923021:root\"},\"Resource\":[\"arn:aws:s3:::lrm-v2-elb-logs-dev/lrm-v2-dev-elb/AWSLogs/185279236646/*\",\"arn:aws:s3:::lrm-v2-elb-logs-dev\"],\"Sid\":\"\"}],\"Version\":\"2012-10-17\"}"
          },
          "sensitive_attributes": [],
          "private": "bnVsbA==",
          "dependencies": [
            "aws_s3_bucket.lrm_v2_elb_logs_dev",
            "data.aws_iam_policy_document.allow_access_for_elb_logging_dev"
          ]
        }
      ]
    },
    {
      "mode": "managed",
      "type": "aws_s3_bucket_policy",
      "name": "lrm_v2_elb_logs_put_permission",
      "provider": "provider[\"registry.terraform.io/hashicorp/aws\"]",
      "instances": [
        {
          "schema_version": 0,
          "attributes": {
            "bucket": "lrm-v2-elb-logs",
            "id": "lrm-v2-elb-logs",
            "policy": "{\"Statement\":[{\"Action\":\"s3:PutObject\",\"Effect\":\"Allow\",\"Principal\":{\"AWS\":\"arn:aws:iam::127311923021:root\"},\"Resource\":[\"arn:aws:s3:::lrm-v2-elb-logs/lrm-v2-prod-elb/AWSLogs/185279236646/*\",\"arn:aws:s3:::lrm-v2-elb-logs\"],\"Sid\":\"\"}],\"Version\":\"2012-10-17\"}"
          },
          "sensitive_attributes": [],
          "private": "bnVsbA==",
          "dependencies": [
            "aws_s3_bucket.lrm_v2_elb_logs",
            "data.aws_iam_policy_document.allow_access_for_elb_logging"
          ]
        }
      ]
    },
    {
      "mode": "managed",
      "type": "aws_security_group",
      "name": "lrm_engine_sg",
      "provider": "provider[\"registry.terraform.io/hashicorp/aws\"]",
      "instances": [
        {
          "schema_version": 1,
          "attributes": {
            "arn": "arn:aws:ec2:us-east-1:185279236646:security-group/sg-07435b2428bca74b9",
            "description": "Main security group for LRM V2 devuction network",
            "egress": [
              {
                "cidr_blocks": [
                  "0.0.0.0/0"
                ],
                "description": "",
                "from_port": 0,
                "ipv6_cidr_blocks": [
                  "::/0"
                ],
                "prefix_list_ids": [],
                "protocol": "-1",
                "security_groups": [],
                "self": false,
                "to_port": 0
              }
            ],
            "id": "sg-07435b2428bca74b9",
            "ingress": [
              {
                "cidr_blocks": [
                  "0.0.0.0/0"
                ],
                "description": "HTTP for internal traffic from ELB to ECS",
                "from_port": 80,
                "ipv6_cidr_blocks": [
                  "::/0"
                ],
                "prefix_list_ids": [],
                "protocol": "tcp",
                "security_groups": [],
                "self": false,
                "to_port": 80
              },
              {
                "cidr_blocks": [
                  "0.0.0.0/0"
                ],
                "description": "HTTPS from public internet",
                "from_port": 443,
                "ipv6_cidr_blocks": [
                  "::/0"
                ],
                "prefix_list_ids": [],
                "protocol": "tcp",
                "security_groups": [],
                "self": false,
                "to_port": 443
              },
              {
                "cidr_blocks": [
                  "0.0.0.0/0"
                ],
                "description": "MySQL DB",
                "from_port": 3306,
                "ipv6_cidr_blocks": [
                  "::/0"
                ],
                "prefix_list_ids": [],
                "protocol": "tcp",
                "security_groups": [],
                "self": false,
                "to_port": 3306
              },
              {
                "cidr_blocks": [
                  "0.0.0.0/0"
                ],
                "description": "Redis Port",
                "from_port": 6379,
                "ipv6_cidr_blocks": [
                  "::/0"
                ],
                "prefix_list_ids": [],
                "protocol": "tcp",
                "security_groups": [],
                "self": false,
                "to_port": 6379
              }
            ],
            "name": "lrm_engine_sg",
            "name_prefix": "",
            "owner_id": "185279236646",
            "revoke_rules_on_delete": false,
            "tags": {
              "Name": "lrm_engine_sg"
            },
            "tags_all": {
              "Name": "lrm_engine_sg"
            },
            "timeouts": null,
            "vpc_id": "vpc-0664694b3f4af88c4"
          },
          "sensitive_attributes": [],
          "private": "eyJlMmJmYjczMC1lY2FhLTExZTYtOGY4OC0zNDM2M2JjN2M0YzAiOnsiY3JlYXRlIjo2MDAwMDAwMDAwMDAsImRlbGV0ZSI6OTAwMDAwMDAwMDAwfSwic2NoZW1hX3ZlcnNpb24iOiIxIn0=",
          "dependencies": [
            "aws_vpc.lrm_v2"
          ]
        }
      ]
    },
    {
      "mode": "managed",
      "type": "aws_security_group",
      "name": "lrm_v2_batch_sg",
      "provider": "provider[\"registry.terraform.io/hashicorp/aws\"]",
      "instances": [
        {
          "schema_version": 1,
          "attributes": {
            "arn": "arn:aws:ec2:us-east-1:185279236646:security-group/sg-07231243eb7819304",
            "description": "Managed by Terraform",
            "egress": [
              {
                "cidr_blocks": [
                  "0.0.0.0/0"
                ],
                "description": "",
                "from_port": 0,
                "ipv6_cidr_blocks": [],
                "prefix_list_ids": [],
                "protocol": "-1",
                "security_groups": [],
                "self": false,
                "to_port": 0
              }
            ],
            "id": "sg-07231243eb7819304",
            "ingress": [],
            "name": "lrm_v2_batch_sg",
            "name_prefix": "",
            "owner_id": "185279236646",
            "revoke_rules_on_delete": false,
            "tags": {},
            "tags_all": {},
            "timeouts": null,
            "vpc_id": "vpc-0664694b3f4af88c4"
          },
          "sensitive_attributes": [],
          "private": "eyJlMmJmYjczMC1lY2FhLTExZTYtOGY4OC0zNDM2M2JjN2M0YzAiOnsiY3JlYXRlIjo2MDAwMDAwMDAwMDAsImRlbGV0ZSI6OTAwMDAwMDAwMDAwfSwic2NoZW1hX3ZlcnNpb24iOiIxIn0=",
          "dependencies": [
            "aws_vpc.lrm_v2"
          ]
        }
      ]
    },
    {
      "mode": "managed",
      "type": "aws_security_group",
      "name": "lrm_v2_dev_sg",
      "provider": "provider[\"registry.terraform.io/hashicorp/aws\"]",
      "instances": [
        {
          "schema_version": 1,
          "attributes": {
            "arn": "arn:aws:ec2:us-east-1:185279236646:security-group/sg-0a4d46904bb672ea6",
            "description": "Main security group for LRM V2 devuction network",
            "egress": [
              {
                "cidr_blocks": [
                  "0.0.0.0/0"
                ],
                "description": "",
                "from_port": 0,
                "ipv6_cidr_blocks": [
                  "::/0"
                ],
                "prefix_list_ids": [],
                "protocol": "-1",
                "security_groups": [],
                "self": false,
                "to_port": 0
              }
            ],
            "id": "sg-0a4d46904bb672ea6",
            "ingress": [
              {
                "cidr_blocks": [
                  "0.0.0.0/0"
                ],
                "description": "HTTP for internal traffic from ELB to ECS",
                "from_port": 80,
                "ipv6_cidr_blocks": [
                  "::/0"
                ],
                "prefix_list_ids": [],
                "protocol": "tcp",
                "security_groups": [],
                "self": false,
                "to_port": 80
              },
              {
                "cidr_blocks": [
                  "0.0.0.0/0"
                ],
                "description": "HTTPS from public internet",
                "from_port": 443,
                "ipv6_cidr_blocks": [
                  "::/0"
                ],
                "prefix_list_ids": [],
                "protocol": "tcp",
                "security_groups": [],
                "self": false,
                "to_port": 443
              },
              {
                "cidr_blocks": [
                  "0.0.0.0/0"
                ],
                "description": "MySQL DB",
                "from_port": 3306,
                "ipv6_cidr_blocks": [
                  "::/0"
                ],
                "prefix_list_ids": [],
                "protocol": "tcp",
                "security_groups": [],
                "self": false,
                "to_port": 3306
              },
              {
                "cidr_blocks": [
                  "0.0.0.0/0"
                ],
                "description": "Redis Port",
                "from_port": 6379,
                "ipv6_cidr_blocks": [
                  "::/0"
                ],
                "prefix_list_ids": [],
                "protocol": "tcp",
                "security_groups": [],
                "self": false,
                "to_port": 6379
              }
            ],
            "name": "lrm_v2_dev_sg",
            "name_prefix": "",
            "owner_id": "185279236646",
            "revoke_rules_on_delete": false,
            "tags": {
              "Name": "lrm_v2_dev_sg"
            },
            "tags_all": {
              "Name": "lrm_v2_dev_sg"
            },
            "timeouts": null,
            "vpc_id": "vpc-0664694b3f4af88c4"
          },
          "sensitive_attributes": [],
          "private": "eyJlMmJmYjczMC1lY2FhLTExZTYtOGY4OC0zNDM2M2JjN2M0YzAiOnsiY3JlYXRlIjo2MDAwMDAwMDAwMDAsImRlbGV0ZSI6OTAwMDAwMDAwMDAwfSwic2NoZW1hX3ZlcnNpb24iOiIxIn0=",
          "dependencies": [
            "aws_vpc.lrm_v2"
          ]
        }
      ]
    },
    {
      "mode": "managed",
      "type": "aws_security_group",
      "name": "lrm_v2_prod_sg",
      "provider": "provider[\"registry.terraform.io/hashicorp/aws\"]",
      "instances": [
        {
          "schema_version": 1,
          "attributes": {
            "arn": "arn:aws:ec2:us-east-1:185279236646:security-group/sg-0d83dda437b8a10b7",
            "description": "Main security group for LRM V2 production network",
            "egress": [
              {
                "cidr_blocks": [
                  "0.0.0.0/0"
                ],
                "description": "",
                "from_port": 0,
                "ipv6_cidr_blocks": [
                  "::/0"
                ],
                "prefix_list_ids": [],
                "protocol": "-1",
                "security_groups": [],
                "self": false,
                "to_port": 0
              }
            ],
            "id": "sg-0d83dda437b8a10b7",
            "ingress": [
              {
                "cidr_blocks": [
                  "0.0.0.0/0"
                ],
                "description": "HTTP for internal traffic from ELB to ECS",
                "from_port": 80,
                "ipv6_cidr_blocks": [
                  "::/0"
                ],
                "prefix_list_ids": [],
                "protocol": "tcp",
                "security_groups": [],
                "self": false,
                "to_port": 80
              },
              {
                "cidr_blocks": [
                  "0.0.0.0/0"
                ],
                "description": "HTTPS from public internet",
                "from_port": 443,
                "ipv6_cidr_blocks": [
                  "::/0"
                ],
                "prefix_list_ids": [],
                "protocol": "tcp",
                "security_groups": [],
                "self": false,
                "to_port": 443
              },
              {
                "cidr_blocks": [
                  "0.0.0.0/0"
                ],
                "description": "MySQL DB",
                "from_port": 3306,
                "ipv6_cidr_blocks": [
                  "::/0"
                ],
                "prefix_list_ids": [],
                "protocol": "tcp",
                "security_groups": [],
                "self": false,
                "to_port": 3306
              },
              {
                "cidr_blocks": [
                  "0.0.0.0/0"
                ],
                "description": "Redis Port",
                "from_port": 6379,
                "ipv6_cidr_blocks": [
                  "::/0"
                ],
                "prefix_list_ids": [],
                "protocol": "tcp",
                "security_groups": [],
                "self": false,
                "to_port": 6379
              }
            ],
            "name": "lrm_v2_prod_sg",
            "name_prefix": "",
            "owner_id": "185279236646",
            "revoke_rules_on_delete": null,
            "tags": {
              "Name": "lrm_v2_prod_sg"
            },
            "tags_all": {
              "Name": "lrm_v2_prod_sg"
            },
            "timeouts": {
              "create": null,
              "delete": null
            },
            "vpc_id": "vpc-0664694b3f4af88c4"
          },
          "sensitive_attributes": [],
          "private": "eyJlMmJmYjczMC1lY2FhLTExZTYtOGY4OC0zNDM2M2JjN2M0YzAiOnsiY3JlYXRlIjo2MDAwMDAwMDAwMDAsImRlbGV0ZSI6OTAwMDAwMDAwMDAwfSwic2NoZW1hX3ZlcnNpb24iOiIxIn0=",
          "dependencies": [
            "aws_vpc.lrm_v2"
          ]
        }
      ]
    },
    {
      "mode": "managed",
      "type": "aws_security_group",
      "name": "lrm_v2_vpn_sg",
      "provider": "provider[\"registry.terraform.io/hashicorp/aws\"]",
      "instances": [
        {
          "schema_version": 1,
          "attributes": {
            "arn": "arn:aws:ec2:us-east-1:185279236646:security-group/sg-092c73e82b3aeffc4",
            "description": "Main security group for LRM V2 vpn",
            "egress": [
              {
                "cidr_blocks": [
                  "0.0.0.0/0"
                ],
                "description": "",
                "from_port": 0,
                "ipv6_cidr_blocks": [
                  "::/0"
                ],
                "prefix_list_ids": [],
                "protocol": "-1",
                "security_groups": [],
                "self": false,
                "to_port": 0
              }
            ],
            "id": "sg-092c73e82b3aeffc4",
            "ingress": [
              {
                "cidr_blocks": [
                  "0.0.0.0/0"
                ],
                "description": "",
                "from_port": 1194,
                "ipv6_cidr_blocks": [],
                "prefix_list_ids": [],
                "protocol": "udp",
                "security_groups": [],
                "self": false,
                "to_port": 1194
              },
              {
                "cidr_blocks": [
                  "0.0.0.0/0"
                ],
                "description": "",
                "from_port": 22,
                "ipv6_cidr_blocks": [],
                "prefix_list_ids": [],
                "protocol": "tcp",
                "security_groups": [],
                "self": false,
                "to_port": 22
              },
              {
                "cidr_blocks": [
                  "0.0.0.0/0"
                ],
                "description": "",
                "from_port": 943,
                "ipv6_cidr_blocks": [],
                "prefix_list_ids": [],
                "protocol": "tcp",
                "security_groups": [],
                "self": false,
                "to_port": 943
              },
              {
                "cidr_blocks": [
                  "0.0.0.0/0"
                ],
                "description": "HTTPS from public internet",
                "from_port": 443,
                "ipv6_cidr_blocks": [],
                "prefix_list_ids": [],
                "protocol": "tcp",
                "security_groups": [],
                "self": false,
                "to_port": 443
              },
              {
                "cidr_blocks": [
                  "0.0.0.0/0"
                ],
                "description": "MySQL DB",
                "from_port": 3306,
                "ipv6_cidr_blocks": [],
                "prefix_list_ids": [],
                "protocol": "tcp",
                "security_groups": [],
                "self": false,
                "to_port": 3306
              },
              {
                "cidr_blocks": [
                  "0.0.0.0/0"
                ],
                "description": "Redis Port",
                "from_port": 6379,
                "ipv6_cidr_blocks": [],
                "prefix_list_ids": [],
                "protocol": "tcp",
                "security_groups": [],
                "self": false,
                "to_port": 6379
              }
            ],
            "name": "lrm_v2_vpn",
            "name_prefix": "",
            "owner_id": "185279236646",
            "revoke_rules_on_delete": false,
            "tags": {},
            "tags_all": {},
            "timeouts": null,
            "vpc_id": "vpc-0664694b3f4af88c4"
          },
          "sensitive_attributes": [],
          "private": "eyJlMmJmYjczMC1lY2FhLTExZTYtOGY4OC0zNDM2M2JjN2M0YzAiOnsiY3JlYXRlIjo2MDAwMDAwMDAwMDAsImRlbGV0ZSI6OTAwMDAwMDAwMDAwfSwic2NoZW1hX3ZlcnNpb24iOiIxIn0=",
          "dependencies": [
            "aws_vpc.lrm_v2"
          ]
        }
      ]
    },
    {
      "mode": "managed",
      "type": "aws_security_group",
      "name": "lrm_v2_vpn_sg_dev",
      "provider": "provider[\"registry.terraform.io/hashicorp/aws\"]",
      "instances": [
        {
          "schema_version": 1,
          "attributes": {
            "arn": "arn:aws:ec2:us-east-1:185279236646:security-group/sg-007f2b3a9d0f0f0bb",
            "description": "Main security group for LRM V2 vpn",
            "egress": [
              {
                "cidr_blocks": [
                  "0.0.0.0/0"
                ],
                "description": "",
                "from_port": 0,
                "ipv6_cidr_blocks": [
                  "::/0"
                ],
                "prefix_list_ids": [],
                "protocol": "-1",
                "security_groups": [],
                "self": false,
                "to_port": 0
              }
            ],
            "id": "sg-007f2b3a9d0f0f0bb",
            "ingress": [
              {
                "cidr_blocks": [
                  "0.0.0.0/0"
                ],
                "description": "",
                "from_port": 1194,
                "ipv6_cidr_blocks": [],
                "prefix_list_ids": [],
                "protocol": "udp",
                "security_groups": [],
                "self": false,
                "to_port": 1194
              },
              {
                "cidr_blocks": [
                  "0.0.0.0/0"
                ],
                "description": "",
                "from_port": 22,
                "ipv6_cidr_blocks": [],
                "prefix_list_ids": [],
                "protocol": "tcp",
                "security_groups": [],
                "self": false,
                "to_port": 22
              },
              {
                "cidr_blocks": [
                  "0.0.0.0/0"
                ],
                "description": "",
                "from_port": 943,
                "ipv6_cidr_blocks": [],
                "prefix_list_ids": [],
                "protocol": "tcp",
                "security_groups": [],
                "self": false,
                "to_port": 943
              },
              {
                "cidr_blocks": [
                  "0.0.0.0/0"
                ],
                "description": "HTTPS from public internet",
                "from_port": 443,
                "ipv6_cidr_blocks": [],
                "prefix_list_ids": [],
                "protocol": "tcp",
                "security_groups": [],
                "self": false,
                "to_port": 443
              },
              {
                "cidr_blocks": [
                  "0.0.0.0/0"
                ],
                "description": "MySQL DB",
                "from_port": 3306,
                "ipv6_cidr_blocks": [],
                "prefix_list_ids": [],
                "protocol": "tcp",
                "security_groups": [],
                "self": false,
                "to_port": 3306
              },
              {
                "cidr_blocks": [
                  "0.0.0.0/0"
                ],
                "description": "Redis Port",
                "from_port": 6379,
                "ipv6_cidr_blocks": [],
                "prefix_list_ids": [],
                "protocol": "tcp",
                "security_groups": [],
                "self": false,
                "to_port": 6379
              }
            ],
            "name": "lrm_v2_vpn_sg",
            "name_prefix": "",
            "owner_id": "185279236646",
            "revoke_rules_on_delete": false,
            "tags": {},
            "tags_all": {},
            "timeouts": null,
            "vpc_id": "vpc-0664694b3f4af88c4"
          },
          "sensitive_attributes": [],
          "private": "eyJlMmJmYjczMC1lY2FhLTExZTYtOGY4OC0zNDM2M2JjN2M0YzAiOnsiY3JlYXRlIjo2MDAwMDAwMDAwMDAsImRlbGV0ZSI6OTAwMDAwMDAwMDAwfSwic2NoZW1hX3ZlcnNpb24iOiIxIn0=",
          "dependencies": [
            "aws_vpc.lrm_v2"
          ]
        }
      ]
    },
    {
      "mode": "managed",
      "type": "aws_subnet",
      "name": "dev_a",
      "provider": "provider[\"registry.terraform.io/hashicorp/aws\"]",
      "instances": [
        {
          "schema_version": 1,
          "attributes": {
            "arn": "arn:aws:ec2:us-east-1:185279236646:subnet/subnet-0cd7a07db70f05e51",
            "assign_ipv6_address_on_creation": false,
            "availability_zone": "us-east-1a",
            "availability_zone_id": "use1-az2",
            "cidr_block": "10.0.48.0/20",
            "customer_owned_ipv4_pool": "",
            "enable_dns64": false,
            "enable_resource_name_dns_a_record_on_launch": false,
            "enable_resource_name_dns_aaaa_record_on_launch": false,
            "id": "subnet-0cd7a07db70f05e51",
            "ipv6_cidr_block": "",
            "ipv6_cidr_block_association_id": "",
            "ipv6_native": false,
            "map_customer_owned_ip_on_launch": false,
            "map_public_ip_on_launch": true,
            "outpost_arn": "",
            "owner_id": "185279236646",
            "private_dns_hostname_type_on_launch": "ip-name",
            "tags": {
              "Name": "dev_a"
            },
            "tags_all": {
              "Name": "dev_a"
            },
            "timeouts": null,
            "vpc_id": "vpc-0664694b3f4af88c4"
          },
          "sensitive_attributes": [],
          "private": "eyJlMmJmYjczMC1lY2FhLTExZTYtOGY4OC0zNDM2M2JjN2M0YzAiOnsiY3JlYXRlIjo2MDAwMDAwMDAwMDAsImRlbGV0ZSI6MTIwMDAwMDAwMDAwMH0sInNjaGVtYV92ZXJzaW9uIjoiMSJ9",
          "dependencies": [
            "aws_vpc.lrm_v2"
          ]
        }
      ]
    },
    {
      "mode": "managed",
      "type": "aws_subnet",
      "name": "dev_b",
      "provider": "provider[\"registry.terraform.io/hashicorp/aws\"]",
      "instances": [
        {
          "schema_version": 1,
          "attributes": {
            "arn": "arn:aws:ec2:us-east-1:185279236646:subnet/subnet-032a53d911ecbb547",
            "assign_ipv6_address_on_creation": false,
            "availability_zone": "us-east-1b",
            "availability_zone_id": "use1-az4",
            "cidr_block": "10.0.64.0/20",
            "customer_owned_ipv4_pool": "",
            "enable_dns64": false,
            "enable_resource_name_dns_a_record_on_launch": false,
            "enable_resource_name_dns_aaaa_record_on_launch": false,
            "id": "subnet-032a53d911ecbb547",
            "ipv6_cidr_block": "",
            "ipv6_cidr_block_association_id": "",
            "ipv6_native": false,
            "map_customer_owned_ip_on_launch": false,
            "map_public_ip_on_launch": true,
            "outpost_arn": "",
            "owner_id": "185279236646",
            "private_dns_hostname_type_on_launch": "ip-name",
            "tags": {
              "Name": "dev_b"
            },
            "tags_all": {
              "Name": "dev_b"
            },
            "timeouts": null,
            "vpc_id": "vpc-0664694b3f4af88c4"
          },
          "sensitive_attributes": [],
          "private": "eyJlMmJmYjczMC1lY2FhLTExZTYtOGY4OC0zNDM2M2JjN2M0YzAiOnsiY3JlYXRlIjo2MDAwMDAwMDAwMDAsImRlbGV0ZSI6MTIwMDAwMDAwMDAwMH0sInNjaGVtYV92ZXJzaW9uIjoiMSJ9",
          "dependencies": [
            "aws_vpc.lrm_v2"
          ]
        }
      ]
    },
    {
      "mode": "managed",
      "type": "aws_subnet",
      "name": "dev_c",
      "provider": "provider[\"registry.terraform.io/hashicorp/aws\"]",
      "instances": [
        {
          "schema_version": 1,
          "attributes": {
            "arn": "arn:aws:ec2:us-east-1:185279236646:subnet/subnet-04b5a1ad1826ed925",
            "assign_ipv6_address_on_creation": false,
            "availability_zone": "us-east-1c",
            "availability_zone_id": "use1-az6",
            "cidr_block": "10.0.80.0/20",
            "customer_owned_ipv4_pool": "",
            "enable_dns64": false,
            "enable_resource_name_dns_a_record_on_launch": false,
            "enable_resource_name_dns_aaaa_record_on_launch": false,
            "id": "subnet-04b5a1ad1826ed925",
            "ipv6_cidr_block": "",
            "ipv6_cidr_block_association_id": "",
            "ipv6_native": false,
            "map_customer_owned_ip_on_launch": false,
            "map_public_ip_on_launch": true,
            "outpost_arn": "",
            "owner_id": "185279236646",
            "private_dns_hostname_type_on_launch": "ip-name",
            "tags": {
              "Name": "dev_c"
            },
            "tags_all": {
              "Name": "dev_c"
            },
            "timeouts": null,
            "vpc_id": "vpc-0664694b3f4af88c4"
          },
          "sensitive_attributes": [],
          "private": "eyJlMmJmYjczMC1lY2FhLTExZTYtOGY4OC0zNDM2M2JjN2M0YzAiOnsiY3JlYXRlIjo2MDAwMDAwMDAwMDAsImRlbGV0ZSI6MTIwMDAwMDAwMDAwMH0sInNjaGVtYV92ZXJzaW9uIjoiMSJ9",
          "dependencies": [
            "aws_vpc.lrm_v2"
          ]
        }
      ]
    },
    {
      "mode": "managed",
      "type": "aws_subnet",
      "name": "prod_a",
      "provider": "provider[\"registry.terraform.io/hashicorp/aws\"]",
      "instances": [
        {
          "schema_version": 1,
          "attributes": {
            "arn": "arn:aws:ec2:us-east-1:185279236646:subnet/subnet-08ed3f524cc77cbe2",
            "assign_ipv6_address_on_creation": false,
            "availability_zone": "us-east-1a",
            "availability_zone_id": "use1-az2",
            "cidr_block": "10.0.0.0/20",
            "customer_owned_ipv4_pool": "",
            "enable_dns64": false,
            "enable_resource_name_dns_a_record_on_launch": false,
            "enable_resource_name_dns_aaaa_record_on_launch": false,
            "id": "subnet-08ed3f524cc77cbe2",
            "ipv6_cidr_block": "",
            "ipv6_cidr_block_association_id": "",
            "ipv6_native": false,
            "map_customer_owned_ip_on_launch": false,
            "map_public_ip_on_launch": true,
            "outpost_arn": "",
            "owner_id": "185279236646",
            "private_dns_hostname_type_on_launch": "ip-name",
            "tags": {
              "Name": "prod_a"
            },
            "tags_all": {
              "Name": "prod_a"
            },
            "timeouts": {
              "create": null,
              "delete": null
            },
            "vpc_id": "vpc-0664694b3f4af88c4"
          },
          "sensitive_attributes": [],
          "private": "eyJlMmJmYjczMC1lY2FhLTExZTYtOGY4OC0zNDM2M2JjN2M0YzAiOnsiY3JlYXRlIjo2MDAwMDAwMDAwMDAsImRlbGV0ZSI6MTIwMDAwMDAwMDAwMH0sInNjaGVtYV92ZXJzaW9uIjoiMSJ9",
          "dependencies": [
            "aws_vpc.lrm_v2"
          ]
        }
      ]
    },
    {
      "mode": "managed",
      "type": "aws_subnet",
      "name": "prod_b",
      "provider": "provider[\"registry.terraform.io/hashicorp/aws\"]",
      "instances": [
        {
          "schema_version": 1,
          "attributes": {
            "arn": "arn:aws:ec2:us-east-1:185279236646:subnet/subnet-0ad555f7510c27a5a",
            "assign_ipv6_address_on_creation": false,
            "availability_zone": "us-east-1b",
            "availability_zone_id": "use1-az4",
            "cidr_block": "10.0.16.0/20",
            "customer_owned_ipv4_pool": "",
            "enable_dns64": false,
            "enable_resource_name_dns_a_record_on_launch": false,
            "enable_resource_name_dns_aaaa_record_on_launch": false,
            "id": "subnet-0ad555f7510c27a5a",
            "ipv6_cidr_block": "",
            "ipv6_cidr_block_association_id": "",
            "ipv6_native": false,
            "map_customer_owned_ip_on_launch": false,
            "map_public_ip_on_launch": true,
            "outpost_arn": "",
            "owner_id": "185279236646",
            "private_dns_hostname_type_on_launch": "ip-name",
            "tags": {
              "Name": "prod_b"
            },
            "tags_all": {
              "Name": "prod_b"
            },
            "timeouts": {
              "create": null,
              "delete": null
            },
            "vpc_id": "vpc-0664694b3f4af88c4"
          },
          "sensitive_attributes": [],
          "private": "eyJlMmJmYjczMC1lY2FhLTExZTYtOGY4OC0zNDM2M2JjN2M0YzAiOnsiY3JlYXRlIjo2MDAwMDAwMDAwMDAsImRlbGV0ZSI6MTIwMDAwMDAwMDAwMH0sInNjaGVtYV92ZXJzaW9uIjoiMSJ9",
          "dependencies": [
            "aws_vpc.lrm_v2"
          ]
        }
      ]
    },
    {
      "mode": "managed",
      "type": "aws_subnet",
      "name": "prod_c",
      "provider": "provider[\"registry.terraform.io/hashicorp/aws\"]",
      "instances": [
        {
          "schema_version": 1,
          "attributes": {
            "arn": "arn:aws:ec2:us-east-1:185279236646:subnet/subnet-09f420a6a3797fe1f",
            "assign_ipv6_address_on_creation": false,
            "availability_zone": "us-east-1c",
            "availability_zone_id": "use1-az6",
            "cidr_block": "10.0.32.0/20",
            "customer_owned_ipv4_pool": "",
            "enable_dns64": false,
            "enable_resource_name_dns_a_record_on_launch": false,
            "enable_resource_name_dns_aaaa_record_on_launch": false,
            "id": "subnet-09f420a6a3797fe1f",
            "ipv6_cidr_block": "",
            "ipv6_cidr_block_association_id": "",
            "ipv6_native": false,
            "map_customer_owned_ip_on_launch": false,
            "map_public_ip_on_launch": true,
            "outpost_arn": "",
            "owner_id": "185279236646",
            "private_dns_hostname_type_on_launch": "ip-name",
            "tags": {
              "Name": "prod_c"
            },
            "tags_all": {
              "Name": "prod_c"
            },
            "timeouts": {
              "create": null,
              "delete": null
            },
            "vpc_id": "vpc-0664694b3f4af88c4"
          },
          "sensitive_attributes": [],
          "private": "eyJlMmJmYjczMC1lY2FhLTExZTYtOGY4OC0zNDM2M2JjN2M0YzAiOnsiY3JlYXRlIjo2MDAwMDAwMDAwMDAsImRlbGV0ZSI6MTIwMDAwMDAwMDAwMH0sInNjaGVtYV92ZXJzaW9uIjoiMSJ9",
          "dependencies": [
            "aws_vpc.lrm_v2"
          ]
        }
      ]
    },
    {
      "mode": "managed",
      "type": "aws_vpc",
      "name": "lrm_v2",
      "provider": "provider[\"registry.terraform.io/hashicorp/aws\"]",
      "instances": [
        {
          "schema_version": 1,
          "attributes": {
            "arn": "arn:aws:ec2:us-east-1:185279236646:vpc/vpc-0664694b3f4af88c4",
            "assign_generated_ipv6_cidr_block": false,
            "cidr_block": "10.0.0.0/16",
            "default_network_acl_id": "acl-097b096b721ff6572",
            "default_route_table_id": "rtb-0c7a06b70061c4c96",
            "default_security_group_id": "sg-085fe5bd3afc3d915",
            "dhcp_options_id": "dopt-0b8502c546508e0b8",
            "enable_classiclink": false,
            "enable_classiclink_dns_support": false,
            "enable_dns_hostnames": true,
            "enable_dns_support": true,
            "id": "vpc-0664694b3f4af88c4",
            "instance_tenancy": "default",
            "ipv4_ipam_pool_id": null,
            "ipv4_netmask_length": null,
            "ipv6_association_id": "",
            "ipv6_cidr_block": "",
            "ipv6_cidr_block_network_border_group": "",
            "ipv6_ipam_pool_id": "",
            "ipv6_netmask_length": 0,
            "main_route_table_id": "rtb-0c7a06b70061c4c96",
            "owner_id": "185279236646",
            "tags": {
              "Environment": "shared",
              "Name": "lrm_v2"
            },
            "tags_all": {
              "Environment": "shared",
              "Name": "lrm_v2"
            }
          },
          "sensitive_attributes": [],
          "private": "eyJzY2hlbWFfdmVyc2lvbiI6IjEifQ=="
        }
      ]
    }
  ],
  "check_results": null
}
